// !$*UTF8*$!
{
	archiveVersion = 1;
	classes = {
	};
	objectVersion = 46;
	objects = {

/* Begin PBXBuildFile section */
		02EE6D2B18FA2E0900E5A8D7 /* ciny.h in Headers */ = {isa = PBXBuildFile; fileRef = 02FCBAF218F4F8D800903E2F /* ciny.h */; settings = {ATTRIBUTES = (Public, ); }; };
		02FCBADD18F4F6E800903E2F /* XCTest.framework in Frameworks */ = {isa = PBXBuildFile; fileRef = 02FCBADC18F4F6E800903E2F /* XCTest.framework */; };
		02FCBAE318F4F6E800903E2F /* InfoPlist.strings in Resources */ = {isa = PBXBuildFile; fileRef = 02FCBAE118F4F6E800903E2F /* InfoPlist.strings */; };
		02FCBAE518F4F6E800903E2F /* CinyTestTests.m in Sources */ = {isa = PBXBuildFile; fileRef = 02FCBAE418F4F6E800903E2F /* CinyTestTests.m */; };
		02FCBAF418F4F8E700903E2F /* ciny.c in Sources */ = {isa = PBXBuildFile; fileRef = 02FCBAF318F4F8E700903E2F /* ciny.c */; };
/* End PBXBuildFile section */

/* Begin PBXContainerItemProxy section */
		02FCBAE718F4F6E800903E2F /* PBXContainerItemProxy */ = {
			isa = PBXContainerItemProxy;
			containerPortal = 02FCBABC18F4F3FE00903E2F /* Project object */;
			proxyType = 1;
			remoteGlobalIDString = 02FCBAC318F4F3FE00903E2F;
			remoteInfo = CinyTest;
		};
/* End PBXContainerItemProxy section */

/* Begin PBXFileReference section */
		02FCBAC418F4F3FE00903E2F /* libCinyTest.dylib */ = {isa = PBXFileReference; explicitFileType = "compiled.mach-o.dylib"; includeInIndex = 0; path = libCinyTest.dylib; sourceTree = BUILT_PRODUCTS_DIR; };
		02FCBADA18F4F6E700903E2F /* CinyTestTests.xctest */ = {isa = PBXFileReference; explicitFileType = wrapper.cfbundle; includeInIndex = 0; path = CinyTestTests.xctest; sourceTree = BUILT_PRODUCTS_DIR; };
		02FCBADC18F4F6E800903E2F /* XCTest.framework */ = {isa = PBXFileReference; lastKnownFileType = wrapper.framework; name = XCTest.framework; path = Library/Frameworks/XCTest.framework; sourceTree = DEVELOPER_DIR; };
		02FCBAE018F4F6E800903E2F /* CinyTestTests-Info.plist */ = {isa = PBXFileReference; lastKnownFileType = text.plist.xml; path = "CinyTestTests-Info.plist"; sourceTree = "<group>"; };
		02FCBAE218F4F6E800903E2F /* en */ = {isa = PBXFileReference; lastKnownFileType = text.plist.strings; name = en; path = en.lproj/InfoPlist.strings; sourceTree = "<group>"; };
		02FCBAE418F4F6E800903E2F /* CinyTestTests.m */ = {isa = PBXFileReference; lastKnownFileType = sourcecode.c.objc; path = CinyTestTests.m; sourceTree = "<group>"; };
		02FCBAE618F4F6E800903E2F /* CinyTestTests-Prefix.pch */ = {isa = PBXFileReference; lastKnownFileType = sourcecode.c.h; path = "CinyTestTests-Prefix.pch"; sourceTree = "<group>"; };
		02FCBAF218F4F8D800903E2F /* ciny.h */ = {isa = PBXFileReference; lastKnownFileType = sourcecode.c.h; path = ciny.h; sourceTree = "<group>"; };
		02FCBAF318F4F8E700903E2F /* ciny.c */ = {isa = PBXFileReference; fileEncoding = 4; lastKnownFileType = sourcecode.c.c; path = ciny.c; sourceTree = "<group>"; };
/* End PBXFileReference section */

/* Begin PBXFrameworksBuildPhase section */
		02FCBAC118F4F3FE00903E2F /* Frameworks */ = {
			isa = PBXFrameworksBuildPhase;
			buildActionMask = 2147483647;
			files = (
			);
			runOnlyForDeploymentPostprocessing = 0;
		};
		02FCBAD718F4F6E700903E2F /* Frameworks */ = {
			isa = PBXFrameworksBuildPhase;
			buildActionMask = 2147483647;
			files = (
				02FCBADD18F4F6E800903E2F /* XCTest.framework in Frameworks */,
			);
			runOnlyForDeploymentPostprocessing = 0;
		};
/* End PBXFrameworksBuildPhase section */

/* Begin PBXGroup section */
		02FCBABB18F4F3FE00903E2F = {
			isa = PBXGroup;
			children = (
				02FCBAD318F4F64C00903E2F /* CinyTest */,
				02FCBADE18F4F6E800903E2F /* CinyTestTests */,
				02FCBADB18F4F6E800903E2F /* Frameworks */,
				02FCBAC518F4F3FE00903E2F /* Products */,
			);
			sourceTree = "<group>";
		};
		02FCBAC518F4F3FE00903E2F /* Products */ = {
			isa = PBXGroup;
			children = (
				02FCBAC418F4F3FE00903E2F /* libCinyTest.dylib */,
				02FCBADA18F4F6E700903E2F /* CinyTestTests.xctest */,
			);
			name = Products;
			sourceTree = "<group>";
		};
		02FCBAD318F4F64C00903E2F /* CinyTest */ = {
			isa = PBXGroup;
			children = (
				02FCBAF218F4F8D800903E2F /* ciny.h */,
				02FCBAF318F4F8E700903E2F /* ciny.c */,
			);
			path = CinyTest;
			sourceTree = "<group>";
		};
		02FCBADB18F4F6E800903E2F /* Frameworks */ = {
			isa = PBXGroup;
			children = (
				02FCBADC18F4F6E800903E2F /* XCTest.framework */,
			);
			name = Frameworks;
			sourceTree = "<group>";
		};
		02FCBADE18F4F6E800903E2F /* CinyTestTests */ = {
			isa = PBXGroup;
			children = (
				02FCBAE418F4F6E800903E2F /* CinyTestTests.m */,
				02FCBADF18F4F6E800903E2F /* Supporting Files */,
			);
			path = CinyTestTests;
			sourceTree = "<group>";
		};
		02FCBADF18F4F6E800903E2F /* Supporting Files */ = {
			isa = PBXGroup;
			children = (
				02FCBAE018F4F6E800903E2F /* CinyTestTests-Info.plist */,
				02FCBAE118F4F6E800903E2F /* InfoPlist.strings */,
				02FCBAE618F4F6E800903E2F /* CinyTestTests-Prefix.pch */,
			);
			name = "Supporting Files";
			sourceTree = "<group>";
		};
/* End PBXGroup section */

/* Begin PBXHeadersBuildPhase section */
		02FCBAC218F4F3FE00903E2F /* Headers */ = {
			isa = PBXHeadersBuildPhase;
			buildActionMask = 2147483647;
			files = (
				02EE6D2B18FA2E0900E5A8D7 /* ciny.h in Headers */,
			);
			runOnlyForDeploymentPostprocessing = 0;
		};
/* End PBXHeadersBuildPhase section */

/* Begin PBXNativeTarget section */
		02FCBAC318F4F3FE00903E2F /* CinyTest */ = {
			isa = PBXNativeTarget;
			buildConfigurationList = 02FCBAC818F4F3FE00903E2F /* Build configuration list for PBXNativeTarget "CinyTest" */;
			buildPhases = (
				02FCBAC018F4F3FE00903E2F /* Sources */,
				02FCBAC118F4F3FE00903E2F /* Frameworks */,
				02FCBAC218F4F3FE00903E2F /* Headers */,
			);
			buildRules = (
			);
			dependencies = (
			);
			name = CinyTest;
			productName = CinyTest;
			productReference = 02FCBAC418F4F3FE00903E2F /* libCinyTest.dylib */;
			productType = "com.apple.product-type.library.dynamic";
		};
		02FCBAD918F4F6E700903E2F /* CinyTestTests */ = {
			isa = PBXNativeTarget;
			buildConfigurationList = 02FCBAE918F4F6E800903E2F /* Build configuration list for PBXNativeTarget "CinyTestTests" */;
			buildPhases = (
				02FCBAD618F4F6E700903E2F /* Sources */,
				02FCBAD718F4F6E700903E2F /* Frameworks */,
				02FCBAD818F4F6E700903E2F /* Resources */,
			);
			buildRules = (
			);
			dependencies = (
				02FCBAE818F4F6E800903E2F /* PBXTargetDependency */,
			);
			name = CinyTestTests;
			productName = CinyTestTests;
			productReference = 02FCBADA18F4F6E700903E2F /* CinyTestTests.xctest */;
			productType = "com.apple.product-type.bundle.unit-test";
		};
/* End PBXNativeTarget section */

/* Begin PBXProject section */
		02FCBABC18F4F3FE00903E2F /* Project object */ = {
			isa = PBXProject;
			attributes = {
				LastUpgradeCheck = 0510;
				ORGANIZATIONNAME = "Monkey Bits";
				TargetAttributes = {
					02FCBAD918F4F6E700903E2F = {
						TestTargetID = 02FCBAC318F4F3FE00903E2F;
					};
				};
			};
			buildConfigurationList = 02FCBABF18F4F3FE00903E2F /* Build configuration list for PBXProject "CinyTest" */;
			compatibilityVersion = "Xcode 3.2";
			developmentRegion = English;
			hasScannedForEncodings = 0;
			knownRegions = (
				en,
			);
			mainGroup = 02FCBABB18F4F3FE00903E2F;
			productRefGroup = 02FCBAC518F4F3FE00903E2F /* Products */;
			projectDirPath = "";
			projectRoot = "";
			targets = (
				02FCBAC318F4F3FE00903E2F /* CinyTest */,
				02FCBAD918F4F6E700903E2F /* CinyTestTests */,
			);
		};
/* End PBXProject section */

/* Begin PBXResourcesBuildPhase section */
		02FCBAD818F4F6E700903E2F /* Resources */ = {
			isa = PBXResourcesBuildPhase;
			buildActionMask = 2147483647;
			files = (
				02FCBAE318F4F6E800903E2F /* InfoPlist.strings in Resources */,
			);
			runOnlyForDeploymentPostprocessing = 0;
		};
/* End PBXResourcesBuildPhase section */

/* Begin PBXSourcesBuildPhase section */
		02FCBAC018F4F3FE00903E2F /* Sources */ = {
			isa = PBXSourcesBuildPhase;
			buildActionMask = 2147483647;
			files = (
				02FCBAF418F4F8E700903E2F /* ciny.c in Sources */,
			);
			runOnlyForDeploymentPostprocessing = 0;
		};
		02FCBAD618F4F6E700903E2F /* Sources */ = {
			isa = PBXSourcesBuildPhase;
			buildActionMask = 2147483647;
			files = (
				02FCBAE518F4F6E800903E2F /* CinyTestTests.m in Sources */,
			);
			runOnlyForDeploymentPostprocessing = 0;
		};
/* End PBXSourcesBuildPhase section */

/* Begin PBXTargetDependency section */
		02FCBAE818F4F6E800903E2F /* PBXTargetDependency */ = {
			isa = PBXTargetDependency;
			target = 02FCBAC318F4F3FE00903E2F /* CinyTest */;
			targetProxy = 02FCBAE718F4F6E800903E2F /* PBXContainerItemProxy */;
		};
/* End PBXTargetDependency section */

/* Begin PBXVariantGroup section */
		02FCBAE118F4F6E800903E2F /* InfoPlist.strings */ = {
			isa = PBXVariantGroup;
			children = (
				02FCBAE218F4F6E800903E2F /* en */,
			);
			name = InfoPlist.strings;
			sourceTree = "<group>";
		};
/* End PBXVariantGroup section */

/* Begin XCBuildConfiguration section */
		02FCBAC618F4F3FE00903E2F /* Debug */ = {
			isa = XCBuildConfiguration;
			buildSettings = {
				ALWAYS_SEARCH_USER_PATHS = NO;
				CLANG_CXX_LANGUAGE_STANDARD = "c++0x";
				CLANG_CXX_LIBRARY = "libc++";
				CLANG_ENABLE_MODULES = YES;
				CLANG_ENABLE_OBJC_ARC = YES;
				CLANG_WARN_BOOL_CONVERSION = YES;
				CLANG_WARN_CONSTANT_CONVERSION = YES;
				CLANG_WARN_DIRECT_OBJC_ISA_USAGE = YES_ERROR;
				CLANG_WARN_EMPTY_BODY = YES;
				CLANG_WARN_ENUM_CONVERSION = YES;
				CLANG_WARN_INT_CONVERSION = YES;
				CLANG_WARN_OBJC_ROOT_CLASS = YES_ERROR;
				CLANG_WARN__DUPLICATE_METHOD_MATCH = YES;
				COPY_PHASE_STRIP = NO;
				GCC_C_LANGUAGE_STANDARD = c11;
				GCC_DYNAMIC_NO_PIC = NO;
				GCC_ENABLE_OBJC_EXCEPTIONS = YES;
				GCC_OPTIMIZATION_LEVEL = 0;
				GCC_PREPROCESSOR_DEFINITIONS = (
					"DEBUG=1",
					"$(inherited)",
				);
				GCC_SYMBOLS_PRIVATE_EXTERN = NO;
				GCC_WARN_64_TO_32_BIT_CONVERSION = YES;
				GCC_WARN_ABOUT_RETURN_TYPE = YES_ERROR;
				GCC_WARN_UNDECLARED_SELECTOR = YES;
				GCC_WARN_UNINITIALIZED_AUTOS = YES_AGGRESSIVE;
				GCC_WARN_UNUSED_FUNCTION = YES;
				GCC_WARN_UNUSED_VARIABLE = YES;
				MACOSX_DEPLOYMENT_TARGET = 10.9;
				ONLY_ACTIVE_ARCH = YES;
				SDKROOT = macosx;
			};
			name = Debug;
		};
		02FCBAC718F4F3FE00903E2F /* Release */ = {
			isa = XCBuildConfiguration;
			buildSettings = {
				ALWAYS_SEARCH_USER_PATHS = NO;
				CLANG_CXX_LANGUAGE_STANDARD = "c++0x";
				CLANG_CXX_LIBRARY = "libc++";
				CLANG_ENABLE_MODULES = YES;
				CLANG_ENABLE_OBJC_ARC = YES;
				CLANG_WARN_BOOL_CONVERSION = YES;
				CLANG_WARN_CONSTANT_CONVERSION = YES;
				CLANG_WARN_DIRECT_OBJC_ISA_USAGE = YES_ERROR;
				CLANG_WARN_EMPTY_BODY = YES;
				CLANG_WARN_ENUM_CONVERSION = YES;
				CLANG_WARN_INT_CONVERSION = YES;
				CLANG_WARN_OBJC_ROOT_CLASS = YES_ERROR;
				CLANG_WARN__DUPLICATE_METHOD_MATCH = YES;
				COPY_PHASE_STRIP = YES;
				DEBUG_INFORMATION_FORMAT = "dwarf-with-dsym";
				ENABLE_NS_ASSERTIONS = NO;
				GCC_C_LANGUAGE_STANDARD = c11;
				GCC_ENABLE_OBJC_EXCEPTIONS = YES;
				GCC_WARN_64_TO_32_BIT_CONVERSION = YES;
				GCC_WARN_ABOUT_RETURN_TYPE = YES_ERROR;
				GCC_WARN_UNDECLARED_SELECTOR = YES;
				GCC_WARN_UNINITIALIZED_AUTOS = YES_AGGRESSIVE;
				GCC_WARN_UNUSED_FUNCTION = YES;
				GCC_WARN_UNUSED_VARIABLE = YES;
				MACOSX_DEPLOYMENT_TARGET = 10.9;
				SDKROOT = macosx;
			};
			name = Release;
		};
		02FCBAC918F4F3FE00903E2F /* Debug */ = {
			isa = XCBuildConfiguration;
			buildSettings = {
				EXECUTABLE_PREFIX = lib;
				PRODUCT_NAME = "$(TARGET_NAME)";
			};
			name = Debug;
		};
		02FCBACA18F4F3FE00903E2F /* Release */ = {
			isa = XCBuildConfiguration;
			buildSettings = {
				EXECUTABLE_PREFIX = lib;
				PRODUCT_NAME = "$(TARGET_NAME)";
			};
			name = Release;
		};
		02FCBAEA18F4F6E800903E2F /* Debug */ = {
			isa = XCBuildConfiguration;
			buildSettings = {
				FRAMEWORK_SEARCH_PATHS = (
					"$(DEVELOPER_FRAMEWORKS_DIR)",
					"$(inherited)",
				);
				GCC_PRECOMPILE_PREFIX_HEADER = YES;
				GCC_PREFIX_HEADER = "CinyTestTests/CinyTestTests-Prefix.pch";
				GCC_PREPROCESSOR_DEFINITIONS = "$(inherited)";
				INFOPLIST_FILE = "CinyTestTests/CinyTestTests-Info.plist";
				PRODUCT_NAME = "$(TARGET_NAME)";
				WRAPPER_EXTENSION = xctest;
			};
			name = Debug;
		};
		02FCBAEB18F4F6E800903E2F /* Release */ = {
			isa = XCBuildConfiguration;
			buildSettings = {
				FRAMEWORK_SEARCH_PATHS = (
					"$(DEVELOPER_FRAMEWORKS_DIR)",
					"$(inherited)",
				);
				GCC_PRECOMPILE_PREFIX_HEADER = YES;
				GCC_PREFIX_HEADER = "CinyTestTests/CinyTestTests-Prefix.pch";
				INFOPLIST_FILE = "CinyTestTests/CinyTestTests-Info.plist";
				PRODUCT_NAME = "$(TARGET_NAME)";
				WRAPPER_EXTENSION = xctest;
			};
			name = Release;
		};
/* End XCBuildConfiguration section */

/* Begin XCConfigurationList section */
		02FCBABF18F4F3FE00903E2F /* Build configuration list for PBXProject "CinyTest" */ = {
			isa = XCConfigurationList;
			buildConfigurations = (
				02FCBAC618F4F3FE00903E2F /* Debug */,
				02FCBAC718F4F3FE00903E2F /* Release */,
			);
			defaultConfigurationIsVisible = 0;
			defaultConfigurationName = Release;
		};
		02FCBAC818F4F3FE00903E2F /* Build configuration list for PBXNativeTarget "CinyTest" */ = {
			isa = XCConfigurationList;
			buildConfigurations = (
				02FCBAC918F4F3FE00903E2F /* Debug */,
				02FCBACA18F4F3FE00903E2F /* Release */,
			);
			defaultConfigurationIsVisible = 0;
			defaultConfigurationName = Release;
		};
		02FCBAE918F4F6E800903E2F /* Build configuration list for PBXNativeTarget "CinyTestTests" */ = {
			isa = XCConfigurationList;
			buildConfigurations = (
				02FCBAEA18F4F6E800903E2F /* Debug */,
				02FCBAEB18F4F6E800903E2F /* Release */,
			);
			defaultConfigurationIsVisible = 0;
			defaultConfigurationName = Release;
		};
/* End XCConfigurationList section */
	};
	rootObject = 02FCBABC18F4F3FE00903E2F /* Project object */;
}
