// !$*UTF8*$!
{
	archiveVersion = 1;
	classes = {
	};
	objectVersion = 46;
	objects = {

/* Begin PBXBuildFile section */
		C88059B71D2E15B8002ECC5E /* ciny_posix.c in Sources */ = {isa = PBXBuildFile; fileRef = C88059B41D2E15B8002ECC5E /* ciny_posix.c */; };
		C88059B81D2E15B8002ECC5E /* ciny.c in Sources */ = {isa = PBXBuildFile; fileRef = C88059B51D2E15B8002ECC5E /* ciny.c */; };
		C88059B91D2E15B8002ECC5E /* ciny.h in Headers */ = {isa = PBXBuildFile; fileRef = C88059B61D2E15B8002ECC5E /* ciny.h */; settings = {ATTRIBUTES = (Public, ); }; };
		C88059C31D2E16D3002ECC5E /* libcinytest.a in Frameworks */ = {isa = PBXBuildFile; fileRef = C88059951D2E11A0002ECC5E /* libcinytest.a */; };
		C88059E91D2E177F002ECC5E /* CTAboutEqualAssertionTestBase.m in Sources */ = {isa = PBXBuildFile; fileRef = C88059CA1D2E177F002ECC5E /* CTAboutEqualAssertionTestBase.m */; };
		C88059EA1D2E177F002ECC5E /* CTAssertAboutEqualTests.m in Sources */ = {isa = PBXBuildFile; fileRef = C88059CB1D2E177F002ECC5E /* CTAssertAboutEqualTests.m */; };
		C88059EB1D2E177F002ECC5E /* CTAssertEqualStrTests.m in Sources */ = {isa = PBXBuildFile; fileRef = C88059CC1D2E177F002ECC5E /* CTAssertEqualStrTests.m */; };
		C88059EC1D2E177F002ECC5E /* CTAssertEqualTests.m in Sources */ = {isa = PBXBuildFile; fileRef = C88059CD1D2E177F002ECC5E /* CTAssertEqualTests.m */; };
		C88059ED1D2E177F002ECC5E /* CTAssertFailTests.m in Sources */ = {isa = PBXBuildFile; fileRef = C88059CE1D2E177F002ECC5E /* CTAssertFailTests.m */; };
		C88059EE1D2E177F002ECC5E /* CTAssertFalseTests.m in Sources */ = {isa = PBXBuildFile; fileRef = C88059CF1D2E177F002ECC5E /* CTAssertFalseTests.m */; };
		C88059EF1D2E177F002ECC5E /* CTAssertionTestBase.m in Sources */ = {isa = PBXBuildFile; fileRef = C88059D11D2E177F002ECC5E /* CTAssertionTestBase.m */; };
		C88059F01D2E177F002ECC5E /* CTAssertNotAboutEqualTests.m in Sources */ = {isa = PBXBuildFile; fileRef = C88059D21D2E177F002ECC5E /* CTAssertNotAboutEqualTests.m */; };
		C88059F11D2E177F002ECC5E /* CTAssertNotEqualStrTests.m in Sources */ = {isa = PBXBuildFile; fileRef = C88059D31D2E177F002ECC5E /* CTAssertNotEqualStrTests.m */; };
		C88059F21D2E177F002ECC5E /* CTAssertNotEqualTests.m in Sources */ = {isa = PBXBuildFile; fileRef = C88059D41D2E177F002ECC5E /* CTAssertNotEqualTests.m */; };
		C88059F31D2E177F002ECC5E /* CTAssertNotNullTests.m in Sources */ = {isa = PBXBuildFile; fileRef = C88059D51D2E177F002ECC5E /* CTAssertNotNullTests.m */; };
		C88059F41D2E177F002ECC5E /* CTAssertNotSameTests.m in Sources */ = {isa = PBXBuildFile; fileRef = C88059D61D2E177F002ECC5E /* CTAssertNotSameTests.m */; };
		C88059F51D2E177F002ECC5E /* CTAssertNullTests.m in Sources */ = {isa = PBXBuildFile; fileRef = C88059D71D2E177F002ECC5E /* CTAssertNullTests.m */; };
		C88059F61D2E177F002ECC5E /* CTAssertSameTests.m in Sources */ = {isa = PBXBuildFile; fileRef = C88059D81D2E177F002ECC5E /* CTAssertSameTests.m */; };
		C88059F71D2E177F002ECC5E /* CTAssertTrueTests.m in Sources */ = {isa = PBXBuildFile; fileRef = C88059D91D2E177F002ECC5E /* CTAssertTrueTests.m */; };
		C88059F81D2E177F002ECC5E /* CTBoolAssertionTestBase.m in Sources */ = {isa = PBXBuildFile; fileRef = C88059DB1D2E177F002ECC5E /* CTBoolAssertionTestBase.m */; };
		C88059F91D2E177F002ECC5E /* CTEqualAssertionTestBase.m in Sources */ = {isa = PBXBuildFile; fileRef = C88059DD1D2E177F002ECC5E /* CTEqualAssertionTestBase.m */; };
		C88059FA1D2E177F002ECC5E /* CTIgnoreTests.m in Sources */ = {isa = PBXBuildFile; fileRef = C88059DE1D2E177F002ECC5E /* CTIgnoreTests.m */; };
		C88059FB1D2E177F002ECC5E /* CTMakeSuiteTests.m in Sources */ = {isa = PBXBuildFile; fileRef = C88059DF1D2E177F002ECC5E /* CTMakeSuiteTests.m */; };
		C88059FC1D2E177F002ECC5E /* CTMakeTestTests.m in Sources */ = {isa = PBXBuildFile; fileRef = C88059E01D2E177F002ECC5E /* CTMakeTestTests.m */; };
		C88059FD1D2E177F002ECC5E /* CTMakeValueTests.m in Sources */ = {isa = PBXBuildFile; fileRef = C88059E11D2E177F002ECC5E /* CTMakeValueTests.m */; };
		C88059FE1D2E177F002ECC5E /* CTNullAssertionTestBase.m in Sources */ = {isa = PBXBuildFile; fileRef = C88059E31D2E177F002ECC5E /* CTNullAssertionTestBase.m */; };
		C88059FF1D2E177F002ECC5E /* CTRunSuiteTests.m in Sources */ = {isa = PBXBuildFile; fileRef = C88059E41D2E177F002ECC5E /* CTRunSuiteTests.m */; };
		C8805A001D2E177F002ECC5E /* CTSameAssertionTestBase.m in Sources */ = {isa = PBXBuildFile; fileRef = C88059E61D2E177F002ECC5E /* CTSameAssertionTestBase.m */; };
		C8805A011D2E177F002ECC5E /* CTStringAssertionTestBase.m in Sources */ = {isa = PBXBuildFile; fileRef = C88059E81D2E177F002ECC5E /* CTStringAssertionTestBase.m */; };
		C8805A041D2E1A50002ECC5E /* Tests.strings in Resources */ = {isa = PBXBuildFile; fileRef = C8805A031D2E1A50002ECC5E /* Tests.strings */; };
		C8805A1D1D2E233D002ECC5E /* SampleTests.m in Sources */ = {isa = PBXBuildFile; fileRef = C8805A1C1D2E233D002ECC5E /* SampleTests.m */; };
		C8805A251D2E23BA002ECC5E /* binarytree_tests.c in Sources */ = {isa = PBXBuildFile; fileRef = C8805A231D2E23BA002ECC5E /* binarytree_tests.c */; };
		C8805A2A1D2E26D8002ECC5E /* libcinytest.a in Frameworks */ = {isa = PBXBuildFile; fileRef = C88059951D2E11A0002ECC5E /* libcinytest.a */; };
		C8970E251D2F25430087C1C3 /* binarytree.c in Sources */ = {isa = PBXBuildFile; fileRef = C8970E1F1D2F25230087C1C3 /* binarytree.c */; };
		C8970E261D2F25460087C1C3 /* main.c in Sources */ = {isa = PBXBuildFile; fileRef = C8970E211D2F25230087C1C3 /* main.c */; };
		C8970E271D2F25510087C1C3 /* binarytree.c in Sources */ = {isa = PBXBuildFile; fileRef = C8970E1F1D2F25230087C1C3 /* binarytree.c */; };
/* End PBXBuildFile section */

/* Begin PBXContainerItemProxy section */
		C8249E6A1D2F29A0007ADA9A /* PBXContainerItemProxy */ = {
			isa = PBXContainerItemProxy;
			containerPortal = C880598D1D2E11A0002ECC5E /* Project object */;
			proxyType = 1;
			remoteGlobalIDString = C8805A081D2E21B2002ECC5E;
			remoteInfo = Sample;
		};
		C88059C41D2E16D3002ECC5E /* PBXContainerItemProxy */ = {
			isa = PBXContainerItemProxy;
			containerPortal = C880598D1D2E11A0002ECC5E /* Project object */;
			proxyType = 1;
			remoteGlobalIDString = C88059941D2E11A0002ECC5E;
			remoteInfo = CinyTest;
		};
/* End PBXContainerItemProxy section */

/* Begin PBXCopyFilesBuildPhase section */
		C8805A071D2E21B2002ECC5E /* CopyFiles */ = {
			isa = PBXCopyFilesBuildPhase;
			buildActionMask = 2147483647;
			dstPath = /usr/share/man/man1/;
			dstSubfolderSpec = 0;
			files = (
			);
			runOnlyForDeploymentPostprocessing = 1;
		};
/* End PBXCopyFilesBuildPhase section */

/* Begin PBXFileReference section */
		C88059951D2E11A0002ECC5E /* libcinytest.a */ = {isa = PBXFileReference; explicitFileType = archive.ar; includeInIndex = 0; path = libcinytest.a; sourceTree = BUILT_PRODUCTS_DIR; };
		C88059B41D2E15B8002ECC5E /* ciny_posix.c */ = {isa = PBXFileReference; fileEncoding = 4; lastKnownFileType = sourcecode.c.c; path = ciny_posix.c; sourceTree = "<group>"; };
		C88059B51D2E15B8002ECC5E /* ciny.c */ = {isa = PBXFileReference; fileEncoding = 4; lastKnownFileType = sourcecode.c.c; path = ciny.c; sourceTree = "<group>"; };
		C88059B61D2E15B8002ECC5E /* ciny.h */ = {isa = PBXFileReference; fileEncoding = 4; lastKnownFileType = sourcecode.c.h; path = ciny.h; sourceTree = "<group>"; };
		C88059BE1D2E16D3002ECC5E /* Tests.xctest */ = {isa = PBXFileReference; explicitFileType = wrapper.cfbundle; includeInIndex = 0; path = Tests.xctest; sourceTree = BUILT_PRODUCTS_DIR; };
		C88059C21D2E16D3002ECC5E /* Info.plist */ = {isa = PBXFileReference; lastKnownFileType = text.plist.xml; path = Info.plist; sourceTree = "<group>"; };
		C88059C91D2E177F002ECC5E /* CTAboutEqualAssertionTestBase.h */ = {isa = PBXFileReference; fileEncoding = 4; lastKnownFileType = sourcecode.c.h; path = CTAboutEqualAssertionTestBase.h; sourceTree = "<group>"; };
		C88059CA1D2E177F002ECC5E /* CTAboutEqualAssertionTestBase.m */ = {isa = PBXFileReference; fileEncoding = 4; lastKnownFileType = sourcecode.c.objc; path = CTAboutEqualAssertionTestBase.m; sourceTree = "<group>"; };
		C88059CB1D2E177F002ECC5E /* CTAssertAboutEqualTests.m */ = {isa = PBXFileReference; fileEncoding = 4; lastKnownFileType = sourcecode.c.objc; path = CTAssertAboutEqualTests.m; sourceTree = "<group>"; };
		C88059CC1D2E177F002ECC5E /* CTAssertEqualStrTests.m */ = {isa = PBXFileReference; fileEncoding = 4; lastKnownFileType = sourcecode.c.objc; path = CTAssertEqualStrTests.m; sourceTree = "<group>"; };
		C88059CD1D2E177F002ECC5E /* CTAssertEqualTests.m */ = {isa = PBXFileReference; fileEncoding = 4; lastKnownFileType = sourcecode.c.objc; path = CTAssertEqualTests.m; sourceTree = "<group>"; };
		C88059CE1D2E177F002ECC5E /* CTAssertFailTests.m */ = {isa = PBXFileReference; fileEncoding = 4; lastKnownFileType = sourcecode.c.objc; path = CTAssertFailTests.m; sourceTree = "<group>"; };
		C88059CF1D2E177F002ECC5E /* CTAssertFalseTests.m */ = {isa = PBXFileReference; fileEncoding = 4; lastKnownFileType = sourcecode.c.objc; path = CTAssertFalseTests.m; sourceTree = "<group>"; };
		C88059D01D2E177F002ECC5E /* CTAssertionTestBase.h */ = {isa = PBXFileReference; fileEncoding = 4; lastKnownFileType = sourcecode.c.h; path = CTAssertionTestBase.h; sourceTree = "<group>"; };
		C88059D11D2E177F002ECC5E /* CTAssertionTestBase.m */ = {isa = PBXFileReference; fileEncoding = 4; lastKnownFileType = sourcecode.c.objc; path = CTAssertionTestBase.m; sourceTree = "<group>"; };
		C88059D21D2E177F002ECC5E /* CTAssertNotAboutEqualTests.m */ = {isa = PBXFileReference; fileEncoding = 4; lastKnownFileType = sourcecode.c.objc; path = CTAssertNotAboutEqualTests.m; sourceTree = "<group>"; };
		C88059D31D2E177F002ECC5E /* CTAssertNotEqualStrTests.m */ = {isa = PBXFileReference; fileEncoding = 4; lastKnownFileType = sourcecode.c.objc; path = CTAssertNotEqualStrTests.m; sourceTree = "<group>"; };
		C88059D41D2E177F002ECC5E /* CTAssertNotEqualTests.m */ = {isa = PBXFileReference; fileEncoding = 4; lastKnownFileType = sourcecode.c.objc; path = CTAssertNotEqualTests.m; sourceTree = "<group>"; };
		C88059D51D2E177F002ECC5E /* CTAssertNotNullTests.m */ = {isa = PBXFileReference; fileEncoding = 4; lastKnownFileType = sourcecode.c.objc; path = CTAssertNotNullTests.m; sourceTree = "<group>"; };
		C88059D61D2E177F002ECC5E /* CTAssertNotSameTests.m */ = {isa = PBXFileReference; fileEncoding = 4; lastKnownFileType = sourcecode.c.objc; path = CTAssertNotSameTests.m; sourceTree = "<group>"; };
		C88059D71D2E177F002ECC5E /* CTAssertNullTests.m */ = {isa = PBXFileReference; fileEncoding = 4; lastKnownFileType = sourcecode.c.objc; path = CTAssertNullTests.m; sourceTree = "<group>"; };
		C88059D81D2E177F002ECC5E /* CTAssertSameTests.m */ = {isa = PBXFileReference; fileEncoding = 4; lastKnownFileType = sourcecode.c.objc; path = CTAssertSameTests.m; sourceTree = "<group>"; };
		C88059D91D2E177F002ECC5E /* CTAssertTrueTests.m */ = {isa = PBXFileReference; fileEncoding = 4; lastKnownFileType = sourcecode.c.objc; path = CTAssertTrueTests.m; sourceTree = "<group>"; };
		C88059DA1D2E177F002ECC5E /* CTBoolAssertionTestBase.h */ = {isa = PBXFileReference; fileEncoding = 4; lastKnownFileType = sourcecode.c.h; path = CTBoolAssertionTestBase.h; sourceTree = "<group>"; };
		C88059DB1D2E177F002ECC5E /* CTBoolAssertionTestBase.m */ = {isa = PBXFileReference; fileEncoding = 4; lastKnownFileType = sourcecode.c.objc; path = CTBoolAssertionTestBase.m; sourceTree = "<group>"; };
		C88059DC1D2E177F002ECC5E /* CTEqualAssertionTestBase.h */ = {isa = PBXFileReference; fileEncoding = 4; lastKnownFileType = sourcecode.c.h; path = CTEqualAssertionTestBase.h; sourceTree = "<group>"; };
		C88059DD1D2E177F002ECC5E /* CTEqualAssertionTestBase.m */ = {isa = PBXFileReference; fileEncoding = 4; lastKnownFileType = sourcecode.c.objc; path = CTEqualAssertionTestBase.m; sourceTree = "<group>"; };
		C88059DE1D2E177F002ECC5E /* CTIgnoreTests.m */ = {isa = PBXFileReference; fileEncoding = 4; lastKnownFileType = sourcecode.c.objc; path = CTIgnoreTests.m; sourceTree = "<group>"; };
		C88059DF1D2E177F002ECC5E /* CTMakeSuiteTests.m */ = {isa = PBXFileReference; fileEncoding = 4; lastKnownFileType = sourcecode.c.objc; path = CTMakeSuiteTests.m; sourceTree = "<group>"; };
		C88059E01D2E177F002ECC5E /* CTMakeTestTests.m */ = {isa = PBXFileReference; fileEncoding = 4; lastKnownFileType = sourcecode.c.objc; path = CTMakeTestTests.m; sourceTree = "<group>"; };
		C88059E11D2E177F002ECC5E /* CTMakeValueTests.m */ = {isa = PBXFileReference; fileEncoding = 4; lastKnownFileType = sourcecode.c.objc; path = CTMakeValueTests.m; sourceTree = "<group>"; };
		C88059E21D2E177F002ECC5E /* CTNullAssertionTestBase.h */ = {isa = PBXFileReference; fileEncoding = 4; lastKnownFileType = sourcecode.c.h; path = CTNullAssertionTestBase.h; sourceTree = "<group>"; };
		C88059E31D2E177F002ECC5E /* CTNullAssertionTestBase.m */ = {isa = PBXFileReference; fileEncoding = 4; lastKnownFileType = sourcecode.c.objc; path = CTNullAssertionTestBase.m; sourceTree = "<group>"; };
		C88059E41D2E177F002ECC5E /* CTRunSuiteTests.m */ = {isa = PBXFileReference; fileEncoding = 4; lastKnownFileType = sourcecode.c.objc; path = CTRunSuiteTests.m; sourceTree = "<group>"; };
		C88059E51D2E177F002ECC5E /* CTSameAssertionTestBase.h */ = {isa = PBXFileReference; fileEncoding = 4; lastKnownFileType = sourcecode.c.h; path = CTSameAssertionTestBase.h; sourceTree = "<group>"; };
		C88059E61D2E177F002ECC5E /* CTSameAssertionTestBase.m */ = {isa = PBXFileReference; fileEncoding = 4; lastKnownFileType = sourcecode.c.objc; path = CTSameAssertionTestBase.m; sourceTree = "<group>"; };
		C88059E71D2E177F002ECC5E /* CTStringAssertionTestBase.h */ = {isa = PBXFileReference; fileEncoding = 4; lastKnownFileType = sourcecode.c.h; path = CTStringAssertionTestBase.h; sourceTree = "<group>"; };
		C88059E81D2E177F002ECC5E /* CTStringAssertionTestBase.m */ = {isa = PBXFileReference; fileEncoding = 4; lastKnownFileType = sourcecode.c.objc; path = CTStringAssertionTestBase.m; sourceTree = "<group>"; };
		C8805A021D2E19FD002ECC5E /* Tests.pch */ = {isa = PBXFileReference; lastKnownFileType = sourcecode.c.h; path = Tests.pch; sourceTree = "<group>"; };
		C8805A031D2E1A50002ECC5E /* Tests.strings */ = {isa = PBXFileReference; fileEncoding = 4; lastKnownFileType = text.plist.strings; path = Tests.strings; sourceTree = "<group>"; };
		C8805A091D2E21B2002ECC5E /* sample */ = {isa = PBXFileReference; explicitFileType = "compiled.mach-o.executable"; includeInIndex = 0; path = sample; sourceTree = BUILT_PRODUCTS_DIR; };
		C8805A1A1D2E233D002ECC5E /* SampleTests.xctest */ = {isa = PBXFileReference; explicitFileType = wrapper.cfbundle; includeInIndex = 0; path = SampleTests.xctest; sourceTree = BUILT_PRODUCTS_DIR; };
		C8805A1C1D2E233D002ECC5E /* SampleTests.m */ = {isa = PBXFileReference; lastKnownFileType = sourcecode.c.objc; path = SampleTests.m; sourceTree = "<group>"; };
		C8805A1E1D2E233D002ECC5E /* Info.plist */ = {isa = PBXFileReference; lastKnownFileType = text.plist.xml; path = Info.plist; sourceTree = "<group>"; };
		C8805A231D2E23BA002ECC5E /* binarytree_tests.c */ = {isa = PBXFileReference; fileEncoding = 4; lastKnownFileType = sourcecode.c.c; path = binarytree_tests.c; sourceTree = "<group>"; };
		C8805A241D2E23BA002ECC5E /* main.c */ = {isa = PBXFileReference; fileEncoding = 4; lastKnownFileType = sourcecode.c.c; path = main.c; sourceTree = "<group>"; };
		C8970E1F1D2F25230087C1C3 /* binarytree.c */ = {isa = PBXFileReference; fileEncoding = 4; lastKnownFileType = sourcecode.c.c; path = binarytree.c; sourceTree = "<group>"; };
		C8970E201D2F25230087C1C3 /* binarytree.h */ = {isa = PBXFileReference; fileEncoding = 4; lastKnownFileType = sourcecode.c.h; path = binarytree.h; sourceTree = "<group>"; };
		C8970E211D2F25230087C1C3 /* main.c */ = {isa = PBXFileReference; fileEncoding = 4; lastKnownFileType = sourcecode.c.c; path = main.c; sourceTree = "<group>"; };
/* End PBXFileReference section */

/* Begin PBXFrameworksBuildPhase section */
		C88059921D2E11A0002ECC5E /* Frameworks */ = {
			isa = PBXFrameworksBuildPhase;
			buildActionMask = 2147483647;
			files = (
			);
			runOnlyForDeploymentPostprocessing = 0;
		};
		C88059BB1D2E16D3002ECC5E /* Frameworks */ = {
			isa = PBXFrameworksBuildPhase;
			buildActionMask = 2147483647;
			files = (
				C88059C31D2E16D3002ECC5E /* libcinytest.a in Frameworks */,
			);
			runOnlyForDeploymentPostprocessing = 0;
		};
		C8805A061D2E21B2002ECC5E /* Frameworks */ = {
			isa = PBXFrameworksBuildPhase;
			buildActionMask = 2147483647;
			files = (
			);
			runOnlyForDeploymentPostprocessing = 0;
		};
		C8805A171D2E233D002ECC5E /* Frameworks */ = {
			isa = PBXFrameworksBuildPhase;
			buildActionMask = 2147483647;
			files = (
				C8805A2A1D2E26D8002ECC5E /* libcinytest.a in Frameworks */,
			);
			runOnlyForDeploymentPostprocessing = 0;
		};
/* End PBXFrameworksBuildPhase section */

/* Begin PBXGroup section */
		C880598C1D2E11A0002ECC5E = {
			isa = PBXGroup;
			children = (
				C88059B31D2E1597002ECC5E /* src */,
				C88059BF1D2E16D3002ECC5E /* Tests */,
				C8805A0A1D2E21B2002ECC5E /* Sample */,
				C8805A1B1D2E233D002ECC5E /* SampleTests */,
				C88059961D2E11A0002ECC5E /* Products */,
			);
			sourceTree = "<group>";
		};
		C88059961D2E11A0002ECC5E /* Products */ = {
			isa = PBXGroup;
			children = (
				C88059951D2E11A0002ECC5E /* libcinytest.a */,
				C88059BE1D2E16D3002ECC5E /* Tests.xctest */,
				C8805A091D2E21B2002ECC5E /* sample */,
				C8805A1A1D2E233D002ECC5E /* SampleTests.xctest */,
			);
			name = Products;
			sourceTree = "<group>";
		};
		C88059B31D2E1597002ECC5E /* src */ = {
			isa = PBXGroup;
			children = (
				C88059B61D2E15B8002ECC5E /* ciny.h */,
				C88059B51D2E15B8002ECC5E /* ciny.c */,
				C88059B41D2E15B8002ECC5E /* ciny_posix.c */,
			);
			name = src;
			path = ../src;
			sourceTree = "<group>";
		};
		C88059BF1D2E16D3002ECC5E /* Tests */ = {
			isa = PBXGroup;
			children = (
				C88059E01D2E177F002ECC5E /* CTMakeTestTests.m */,
				C88059DF1D2E177F002ECC5E /* CTMakeSuiteTests.m */,
				C88059E11D2E177F002ECC5E /* CTMakeValueTests.m */,
				C88059E41D2E177F002ECC5E /* CTRunSuiteTests.m */,
				C88059D01D2E177F002ECC5E /* CTAssertionTestBase.h */,
				C88059D11D2E177F002ECC5E /* CTAssertionTestBase.m */,
				C88059DE1D2E177F002ECC5E /* CTIgnoreTests.m */,
				C88059CE1D2E177F002ECC5E /* CTAssertFailTests.m */,
				C88059DA1D2E177F002ECC5E /* CTBoolAssertionTestBase.h */,
				C88059DB1D2E177F002ECC5E /* CTBoolAssertionTestBase.m */,
				C88059D91D2E177F002ECC5E /* CTAssertTrueTests.m */,
				C88059CF1D2E177F002ECC5E /* CTAssertFalseTests.m */,
				C88059E21D2E177F002ECC5E /* CTNullAssertionTestBase.h */,
				C88059E31D2E177F002ECC5E /* CTNullAssertionTestBase.m */,
				C88059D71D2E177F002ECC5E /* CTAssertNullTests.m */,
				C88059D51D2E177F002ECC5E /* CTAssertNotNullTests.m */,
				C88059DC1D2E177F002ECC5E /* CTEqualAssertionTestBase.h */,
				C88059DD1D2E177F002ECC5E /* CTEqualAssertionTestBase.m */,
				C88059CD1D2E177F002ECC5E /* CTAssertEqualTests.m */,
				C88059D41D2E177F002ECC5E /* CTAssertNotEqualTests.m */,
				C88059E51D2E177F002ECC5E /* CTSameAssertionTestBase.h */,
				C88059E61D2E177F002ECC5E /* CTSameAssertionTestBase.m */,
				C88059D81D2E177F002ECC5E /* CTAssertSameTests.m */,
				C88059D61D2E177F002ECC5E /* CTAssertNotSameTests.m */,
				C88059E71D2E177F002ECC5E /* CTStringAssertionTestBase.h */,
				C88059E81D2E177F002ECC5E /* CTStringAssertionTestBase.m */,
				C88059CC1D2E177F002ECC5E /* CTAssertEqualStrTests.m */,
				C88059D31D2E177F002ECC5E /* CTAssertNotEqualStrTests.m */,
				C88059C91D2E177F002ECC5E /* CTAboutEqualAssertionTestBase.h */,
				C88059CA1D2E177F002ECC5E /* CTAboutEqualAssertionTestBase.m */,
				C88059CB1D2E177F002ECC5E /* CTAssertAboutEqualTests.m */,
				C88059D21D2E177F002ECC5E /* CTAssertNotAboutEqualTests.m */,
				C88059C21D2E16D3002ECC5E /* Info.plist */,
				C8805A021D2E19FD002ECC5E /* Tests.pch */,
				C8805A031D2E1A50002ECC5E /* Tests.strings */,
			);
			path = Tests;
			sourceTree = "<group>";
		};
		C8805A0A1D2E21B2002ECC5E /* Sample */ = {
			isa = PBXGroup;
			children = (
				C8970E201D2F25230087C1C3 /* binarytree.h */,
				C8970E1F1D2F25230087C1C3 /* binarytree.c */,
				C8970E211D2F25230087C1C3 /* main.c */,
			);
			name = Sample;
			path = ../src/sample;
			sourceTree = "<group>";
		};
		C8805A1B1D2E233D002ECC5E /* SampleTests */ = {
			isa = PBXGroup;
			children = (
				C8805A221D2E239D002ECC5E /* test */,
				C8805A1C1D2E233D002ECC5E /* SampleTests.m */,
				C8805A1E1D2E233D002ECC5E /* Info.plist */,
			);
			path = SampleTests;
			sourceTree = "<group>";
		};
		C8805A221D2E239D002ECC5E /* test */ = {
			isa = PBXGroup;
			children = (
				C8805A231D2E23BA002ECC5E /* binarytree_tests.c */,
				C8805A241D2E23BA002ECC5E /* main.c */,
			);
			name = test;
			path = ../../test/sample;
			sourceTree = "<group>";
		};
/* End PBXGroup section */

/* Begin PBXHeadersBuildPhase section */
		C88059931D2E11A0002ECC5E /* Headers */ = {
			isa = PBXHeadersBuildPhase;
			buildActionMask = 2147483647;
			files = (
				C88059B91D2E15B8002ECC5E /* ciny.h in Headers */,
			);
			runOnlyForDeploymentPostprocessing = 0;
		};
/* End PBXHeadersBuildPhase section */

/* Begin PBXNativeTarget section */
		C88059941D2E11A0002ECC5E /* CinyTest */ = {
			isa = PBXNativeTarget;
			buildConfigurationList = C88059991D2E11A0002ECC5E /* Build configuration list for PBXNativeTarget "CinyTest" */;
			buildPhases = (
				C88059911D2E11A0002ECC5E /* Sources */,
				C88059921D2E11A0002ECC5E /* Frameworks */,
				C88059931D2E11A0002ECC5E /* Headers */,
			);
			buildRules = (
			);
			dependencies = (
			);
			name = CinyTest;
			productName = CinyTest;
			productReference = C88059951D2E11A0002ECC5E /* libcinytest.a */;
			productType = "com.apple.product-type.library.static";
		};
		C88059BD1D2E16D3002ECC5E /* Tests */ = {
			isa = PBXNativeTarget;
			buildConfigurationList = C88059C61D2E16D3002ECC5E /* Build configuration list for PBXNativeTarget "Tests" */;
			buildPhases = (
				C88059BA1D2E16D3002ECC5E /* Sources */,
				C88059BB1D2E16D3002ECC5E /* Frameworks */,
				C88059BC1D2E16D3002ECC5E /* Resources */,
			);
			buildRules = (
			);
			dependencies = (
				C88059C51D2E16D3002ECC5E /* PBXTargetDependency */,
			);
			name = Tests;
			productName = Tests;
			productReference = C88059BE1D2E16D3002ECC5E /* Tests.xctest */;
			productType = "com.apple.product-type.bundle.unit-test";
		};
		C8805A081D2E21B2002ECC5E /* Sample */ = {
			isa = PBXNativeTarget;
			buildConfigurationList = C8805A0D1D2E21B2002ECC5E /* Build configuration list for PBXNativeTarget "Sample" */;
			buildPhases = (
				C8805A051D2E21B2002ECC5E /* Sources */,
				C8805A061D2E21B2002ECC5E /* Frameworks */,
				C8805A071D2E21B2002ECC5E /* CopyFiles */,
			);
			buildRules = (
			);
			dependencies = (
			);
			name = Sample;
			productName = Sample;
			productReference = C8805A091D2E21B2002ECC5E /* sample */;
			productType = "com.apple.product-type.tool";
		};
		C8805A191D2E233D002ECC5E /* SampleTests */ = {
			isa = PBXNativeTarget;
			buildConfigurationList = C8805A1F1D2E233D002ECC5E /* Build configuration list for PBXNativeTarget "SampleTests" */;
			buildPhases = (
				C8805A161D2E233D002ECC5E /* Sources */,
				C8805A171D2E233D002ECC5E /* Frameworks */,
				C8805A181D2E233D002ECC5E /* Resources */,
			);
			buildRules = (
			);
			dependencies = (
				C8249E6B1D2F29A0007ADA9A /* PBXTargetDependency */,
			);
			name = SampleTests;
			productName = SampleTests;
			productReference = C8805A1A1D2E233D002ECC5E /* SampleTests.xctest */;
			productType = "com.apple.product-type.bundle.unit-test";
		};
/* End PBXNativeTarget section */

/* Begin PBXProject section */
		C880598D1D2E11A0002ECC5E /* Project object */ = {
			isa = PBXProject;
			attributes = {
				LastUpgradeCheck = 0730;
				ORGANIZATIONNAME = "Brandon Stansbury";
				TargetAttributes = {
					C88059941D2E11A0002ECC5E = {
						CreatedOnToolsVersion = 7.3.1;
					};
					C88059BD1D2E16D3002ECC5E = {
						CreatedOnToolsVersion = 7.3.1;
					};
					C8805A081D2E21B2002ECC5E = {
						CreatedOnToolsVersion = 7.3.1;
					};
					C8805A191D2E233D002ECC5E = {
						CreatedOnToolsVersion = 7.3.1;
					};
				};
			};
			buildConfigurationList = C88059901D2E11A0002ECC5E /* Build configuration list for PBXProject "CinyTest" */;
			compatibilityVersion = "Xcode 3.2";
			developmentRegion = English;
			hasScannedForEncodings = 0;
			knownRegions = (
				en,
			);
			mainGroup = C880598C1D2E11A0002ECC5E;
			productRefGroup = C88059961D2E11A0002ECC5E /* Products */;
			projectDirPath = "";
			projectRoot = "";
			targets = (
				C88059941D2E11A0002ECC5E /* CinyTest */,
				C88059BD1D2E16D3002ECC5E /* Tests */,
				C8805A081D2E21B2002ECC5E /* Sample */,
				C8805A191D2E233D002ECC5E /* SampleTests */,
			);
		};
/* End PBXProject section */

/* Begin PBXResourcesBuildPhase section */
		C88059BC1D2E16D3002ECC5E /* Resources */ = {
			isa = PBXResourcesBuildPhase;
			buildActionMask = 2147483647;
			files = (
				C8805A041D2E1A50002ECC5E /* Tests.strings in Resources */,
			);
			runOnlyForDeploymentPostprocessing = 0;
		};
		C8805A181D2E233D002ECC5E /* Resources */ = {
			isa = PBXResourcesBuildPhase;
			buildActionMask = 2147483647;
			files = (
			);
			runOnlyForDeploymentPostprocessing = 0;
		};
/* End PBXResourcesBuildPhase section */

/* Begin PBXSourcesBuildPhase section */
		C88059911D2E11A0002ECC5E /* Sources */ = {
			isa = PBXSourcesBuildPhase;
			buildActionMask = 2147483647;
			files = (
				C88059B81D2E15B8002ECC5E /* ciny.c in Sources */,
				C88059B71D2E15B8002ECC5E /* ciny_posix.c in Sources */,
			);
			runOnlyForDeploymentPostprocessing = 0;
		};
		C88059BA1D2E16D3002ECC5E /* Sources */ = {
			isa = PBXSourcesBuildPhase;
			buildActionMask = 2147483647;
			files = (
				C88059FF1D2E177F002ECC5E /* CTRunSuiteTests.m in Sources */,
				C88059F51D2E177F002ECC5E /* CTAssertNullTests.m in Sources */,
				C88059EF1D2E177F002ECC5E /* CTAssertionTestBase.m in Sources */,
				C88059EE1D2E177F002ECC5E /* CTAssertFalseTests.m in Sources */,
				C88059E91D2E177F002ECC5E /* CTAboutEqualAssertionTestBase.m in Sources */,
				C8805A011D2E177F002ECC5E /* CTStringAssertionTestBase.m in Sources */,
				C88059F61D2E177F002ECC5E /* CTAssertSameTests.m in Sources */,
				C88059EA1D2E177F002ECC5E /* CTAssertAboutEqualTests.m in Sources */,
				C88059F41D2E177F002ECC5E /* CTAssertNotSameTests.m in Sources */,
				C88059ED1D2E177F002ECC5E /* CTAssertFailTests.m in Sources */,
				C88059F31D2E177F002ECC5E /* CTAssertNotNullTests.m in Sources */,
				C88059FB1D2E177F002ECC5E /* CTMakeSuiteTests.m in Sources */,
				C88059EB1D2E177F002ECC5E /* CTAssertEqualStrTests.m in Sources */,
				C88059F81D2E177F002ECC5E /* CTBoolAssertionTestBase.m in Sources */,
				C88059EC1D2E177F002ECC5E /* CTAssertEqualTests.m in Sources */,
				C88059F91D2E177F002ECC5E /* CTEqualAssertionTestBase.m in Sources */,
				C88059F21D2E177F002ECC5E /* CTAssertNotEqualTests.m in Sources */,
				C88059FA1D2E177F002ECC5E /* CTIgnoreTests.m in Sources */,
				C88059FC1D2E177F002ECC5E /* CTMakeTestTests.m in Sources */,
				C88059F01D2E177F002ECC5E /* CTAssertNotAboutEqualTests.m in Sources */,
				C88059F71D2E177F002ECC5E /* CTAssertTrueTests.m in Sources */,
				C8805A001D2E177F002ECC5E /* CTSameAssertionTestBase.m in Sources */,
				C88059F11D2E177F002ECC5E /* CTAssertNotEqualStrTests.m in Sources */,
				C88059FD1D2E177F002ECC5E /* CTMakeValueTests.m in Sources */,
				C88059FE1D2E177F002ECC5E /* CTNullAssertionTestBase.m in Sources */,
			);
			runOnlyForDeploymentPostprocessing = 0;
		};
		C8805A051D2E21B2002ECC5E /* Sources */ = {
			isa = PBXSourcesBuildPhase;
			buildActionMask = 2147483647;
			files = (
				C8970E261D2F25460087C1C3 /* main.c in Sources */,
				C8970E251D2F25430087C1C3 /* binarytree.c in Sources */,
			);
			runOnlyForDeploymentPostprocessing = 0;
		};
		C8805A161D2E233D002ECC5E /* Sources */ = {
			isa = PBXSourcesBuildPhase;
			buildActionMask = 2147483647;
			files = (
				C8805A251D2E23BA002ECC5E /* binarytree_tests.c in Sources */,
				C8805A1D1D2E233D002ECC5E /* SampleTests.m in Sources */,
				C8970E271D2F25510087C1C3 /* binarytree.c in Sources */,
			);
			runOnlyForDeploymentPostprocessing = 0;
		};
/* End PBXSourcesBuildPhase section */

/* Begin PBXTargetDependency section */
		C8249E6B1D2F29A0007ADA9A /* PBXTargetDependency */ = {
			isa = PBXTargetDependency;
			target = C8805A081D2E21B2002ECC5E /* Sample */;
			targetProxy = C8249E6A1D2F29A0007ADA9A /* PBXContainerItemProxy */;
		};
		C88059C51D2E16D3002ECC5E /* PBXTargetDependency */ = {
			isa = PBXTargetDependency;
			target = C88059941D2E11A0002ECC5E /* CinyTest */;
			targetProxy = C88059C41D2E16D3002ECC5E /* PBXContainerItemProxy */;
		};
/* End PBXTargetDependency section */

/* Begin XCBuildConfiguration section */
		C88059971D2E11A0002ECC5E /* Debug */ = {
			isa = XCBuildConfiguration;
			buildSettings = {
				ALWAYS_SEARCH_USER_PATHS = NO;
				CLANG_ANALYZER_NONNULL = YES;
				CLANG_CXX_LANGUAGE_STANDARD = "c++14";
				CLANG_CXX_LIBRARY = "libc++";
				CLANG_ENABLE_MODULES = YES;
				CLANG_ENABLE_OBJC_ARC = YES;
				CLANG_WARN_BOOL_CONVERSION = YES;
				CLANG_WARN_CONSTANT_CONVERSION = YES;
				CLANG_WARN_DIRECT_OBJC_ISA_USAGE = YES_ERROR;
				CLANG_WARN_EMPTY_BODY = YES;
				CLANG_WARN_ENUM_CONVERSION = YES;
				CLANG_WARN_INT_CONVERSION = YES;
				CLANG_WARN_OBJC_ROOT_CLASS = YES_ERROR;
				CLANG_WARN_UNREACHABLE_CODE = YES;
				CLANG_WARN__DUPLICATE_METHOD_MATCH = YES;
				CODE_SIGN_IDENTITY = "-";
				COPY_PHASE_STRIP = NO;
				DEBUG_INFORMATION_FORMAT = dwarf;
				ENABLE_STRICT_OBJC_MSGSEND = YES;
				ENABLE_TESTABILITY = YES;
				GCC_C_LANGUAGE_STANDARD = c11;
				GCC_DYNAMIC_NO_PIC = NO;
				GCC_NO_COMMON_BLOCKS = YES;
				GCC_OPTIMIZATION_LEVEL = 0;
				GCC_PREPROCESSOR_DEFINITIONS = (
					"DEBUG=1",
					"$(inherited)",
				);
				GCC_WARN_64_TO_32_BIT_CONVERSION = YES;
				GCC_WARN_ABOUT_RETURN_TYPE = YES_ERROR;
				GCC_WARN_UNDECLARED_SELECTOR = YES;
				GCC_WARN_UNINITIALIZED_AUTOS = YES_AGGRESSIVE;
				GCC_WARN_UNUSED_FUNCTION = YES;
				GCC_WARN_UNUSED_VARIABLE = YES;
				MACOSX_DEPLOYMENT_TARGET = 10.11;
				MTL_ENABLE_DEBUG_INFO = YES;
				ONLY_ACTIVE_ARCH = YES;
				SDKROOT = macosx;
			};
			name = Debug;
		};
		C88059981D2E11A0002ECC5E /* Release */ = {
			isa = XCBuildConfiguration;
			buildSettings = {
				ALWAYS_SEARCH_USER_PATHS = NO;
				CLANG_ANALYZER_NONNULL = YES;
				CLANG_CXX_LANGUAGE_STANDARD = "c++14";
				CLANG_CXX_LIBRARY = "libc++";
				CLANG_ENABLE_MODULES = YES;
				CLANG_ENABLE_OBJC_ARC = YES;
				CLANG_WARN_BOOL_CONVERSION = YES;
				CLANG_WARN_CONSTANT_CONVERSION = YES;
				CLANG_WARN_DIRECT_OBJC_ISA_USAGE = YES_ERROR;
				CLANG_WARN_EMPTY_BODY = YES;
				CLANG_WARN_ENUM_CONVERSION = YES;
				CLANG_WARN_INT_CONVERSION = YES;
				CLANG_WARN_OBJC_ROOT_CLASS = YES_ERROR;
				CLANG_WARN_UNREACHABLE_CODE = YES;
				CLANG_WARN__DUPLICATE_METHOD_MATCH = YES;
				CODE_SIGN_IDENTITY = "-";
				COPY_PHASE_STRIP = NO;
				DEBUG_INFORMATION_FORMAT = "dwarf-with-dsym";
				ENABLE_NS_ASSERTIONS = NO;
				ENABLE_STRICT_OBJC_MSGSEND = YES;
				GCC_C_LANGUAGE_STANDARD = c11;
				GCC_NO_COMMON_BLOCKS = YES;
				GCC_WARN_64_TO_32_BIT_CONVERSION = YES;
				GCC_WARN_ABOUT_RETURN_TYPE = YES_ERROR;
				GCC_WARN_UNDECLARED_SELECTOR = YES;
				GCC_WARN_UNINITIALIZED_AUTOS = YES_AGGRESSIVE;
				GCC_WARN_UNUSED_FUNCTION = YES;
				GCC_WARN_UNUSED_VARIABLE = YES;
				MACOSX_DEPLOYMENT_TARGET = 10.11;
				MTL_ENABLE_DEBUG_INFO = NO;
				SDKROOT = macosx;
			};
			name = Release;
		};
		C880599A1D2E11A0002ECC5E /* Debug */ = {
			isa = XCBuildConfiguration;
			buildSettings = {
				EXECUTABLE_PREFIX = lib;
				GCC_WARN_PEDANTIC = YES;
				PRODUCT_NAME = "$(TARGET_NAME:lower)";
				WARNING_CFLAGS = (
					"-Wall",
					"-Wextra",
				);
			};
			name = Debug;
		};
		C880599B1D2E11A0002ECC5E /* Release */ = {
			isa = XCBuildConfiguration;
			buildSettings = {
				EXECUTABLE_PREFIX = lib;
				GCC_WARN_PEDANTIC = YES;
				PRODUCT_NAME = "$(TARGET_NAME:lower)";
				WARNING_CFLAGS = (
					"-Wall",
					"-Wextra",
				);
			};
			name = Release;
		};
		C88059C71D2E16D3002ECC5E /* Debug */ = {
			isa = XCBuildConfiguration;
			buildSettings = {
				COMBINE_HIDPI_IMAGES = YES;
				GCC_PRECOMPILE_PREFIX_HEADER = YES;
				GCC_PREFIX_HEADER = Tests/Tests.pch;
				INFOPLIST_FILE = Tests/Info.plist;
				LD_RUNPATH_SEARCH_PATHS = "$(inherited) @executable_path/../Frameworks @loader_path/../Frameworks";
				PRODUCT_BUNDLE_IDENTIFIER = com.drmonkeysee.Tests;
				PRODUCT_NAME = "$(TARGET_NAME)";
			};
			name = Debug;
		};
		C88059C81D2E16D3002ECC5E /* Release */ = {
			isa = XCBuildConfiguration;
			buildSettings = {
				COMBINE_HIDPI_IMAGES = YES;
				GCC_PRECOMPILE_PREFIX_HEADER = YES;
				GCC_PREFIX_HEADER = Tests/Tests.pch;
				INFOPLIST_FILE = Tests/Info.plist;
				LD_RUNPATH_SEARCH_PATHS = "$(inherited) @executable_path/../Frameworks @loader_path/../Frameworks";
				PRODUCT_BUNDLE_IDENTIFIER = com.drmonkeysee.Tests;
				PRODUCT_NAME = "$(TARGET_NAME)";
			};
			name = Release;
		};
		C8805A0E1D2E21B2002ECC5E /* Debug */ = {
			isa = XCBuildConfiguration;
			buildSettings = {
				GCC_WARN_PEDANTIC = YES;
				PRODUCT_NAME = "$(TARGET_NAME:lower)";
				WARNING_CFLAGS = (
					"-Wall",
					"-Wextra",
				);
			};
			name = Debug;
		};
		C8805A0F1D2E21B2002ECC5E /* Release */ = {
			isa = XCBuildConfiguration;
			buildSettings = {
				GCC_WARN_PEDANTIC = YES;
				PRODUCT_NAME = "$(TARGET_NAME:lower)";
				WARNING_CFLAGS = (
					"-Wall",
					"-Wextra",
				);
			};
			name = Release;
		};
		C8805A201D2E233D002ECC5E /* Debug */ = {
			isa = XCBuildConfiguration;
			buildSettings = {
				COMBINE_HIDPI_IMAGES = YES;
				INFOPLIST_FILE = SampleTests/Info.plist;
				LD_RUNPATH_SEARCH_PATHS = "$(inherited) @executable_path/../Frameworks @loader_path/../Frameworks";
				PRODUCT_BUNDLE_IDENTIFIER = com.drmonkeysee.SampleTests;
				PRODUCT_NAME = "$(TARGET_NAME)";
			};
			name = Debug;
		};
		C8805A211D2E233D002ECC5E /* Release */ = {
			isa = XCBuildConfiguration;
			buildSettings = {
				COMBINE_HIDPI_IMAGES = YES;
				INFOPLIST_FILE = SampleTests/Info.plist;
				LD_RUNPATH_SEARCH_PATHS = "$(inherited) @executable_path/../Frameworks @loader_path/../Frameworks";
				PRODUCT_BUNDLE_IDENTIFIER = com.drmonkeysee.SampleTests;
				PRODUCT_NAME = "$(TARGET_NAME)";
			};
			name = Release;
		};
/* End XCBuildConfiguration section */

/* Begin XCConfigurationList section */
		C88059901D2E11A0002ECC5E /* Build configuration list for PBXProject "CinyTest" */ = {
			isa = XCConfigurationList;
			buildConfigurations = (
				C88059971D2E11A0002ECC5E /* Debug */,
				C88059981D2E11A0002ECC5E /* Release */,
			);
			defaultConfigurationIsVisible = 0;
			defaultConfigurationName = Release;
		};
		C88059991D2E11A0002ECC5E /* Build configuration list for PBXNativeTarget "CinyTest" */ = {
			isa = XCConfigurationList;
			buildConfigurations = (
				C880599A1D2E11A0002ECC5E /* Debug */,
				C880599B1D2E11A0002ECC5E /* Release */,
			);
			defaultConfigurationIsVisible = 0;
			defaultConfigurationName = Release;
		};
		C88059C61D2E16D3002ECC5E /* Build configuration list for PBXNativeTarget "Tests" */ = {
			isa = XCConfigurationList;
			buildConfigurations = (
				C88059C71D2E16D3002ECC5E /* Debug */,
				C88059C81D2E16D3002ECC5E /* Release */,
			);
			defaultConfigurationIsVisible = 0;
			defaultConfigurationName = Release;
		};
		C8805A0D1D2E21B2002ECC5E /* Build configuration list for PBXNativeTarget "Sample" */ = {
			isa = XCConfigurationList;
			buildConfigurations = (
				C8805A0E1D2E21B2002ECC5E /* Debug */,
				C8805A0F1D2E21B2002ECC5E /* Release */,
			);
			defaultConfigurationIsVisible = 0;
			defaultConfigurationName = Release;
		};
		C8805A1F1D2E233D002ECC5E /* Build configuration list for PBXNativeTarget "SampleTests" */ = {
			isa = XCConfigurationList;
			buildConfigurations = (
				C8805A201D2E233D002ECC5E /* Debug */,
				C8805A211D2E233D002ECC5E /* Release */,
			);
			defaultConfigurationIsVisible = 0;
			defaultConfigurationName = Release;
		};
/* End XCConfigurationList section */
	};
	rootObject = C880598D1D2E11A0002ECC5E /* Project object */;
}
