// !$*UTF8*$!
{
	archiveVersion = 1;
	classes = {
	};
	objectVersion = 46;
	objects = {

/* Begin PBXBuildFile section */
		0200E1F319553708009BA407 /* CTAssertEqualStrTests.m in Sources */ = {isa = PBXBuildFile; fileRef = 0200E1F219553708009BA407 /* CTAssertEqualStrTests.m */; };
		020A83A219592C7200A5CD81 /* CTAssertNotEqualStrTests.m in Sources */ = {isa = PBXBuildFile; fileRef = 020A83A119592C7200A5CD81 /* CTAssertNotEqualStrTests.m */; };
		0237F3641904CFE70030E3EC /* CTMakeTestTests.m in Sources */ = {isa = PBXBuildFile; fileRef = 0237F3631904CFE70030E3EC /* CTMakeTestTests.m */; };
		0237F3661904D0BB0030E3EC /* CTMakeSuiteTests.m in Sources */ = {isa = PBXBuildFile; fileRef = 0237F3651904D0BB0030E3EC /* CTMakeSuiteTests.m */; };
		023D7F00195FA41100AA7A9C /* CTAssertAboutEqualTests.m in Sources */ = {isa = PBXBuildFile; fileRef = 023D7EFF195FA41100AA7A9C /* CTAssertAboutEqualTests.m */; };
		0244607E194801F100D31360 /* CTAssertNotEqualTests.m in Sources */ = {isa = PBXBuildFile; fileRef = 0244607D194801F100D31360 /* CTAssertNotEqualTests.m */; };
		025EF552193157C8002EA558 /* CTAssertEqualTests.m in Sources */ = {isa = PBXBuildFile; fileRef = 025EF551193157C8002EA558 /* CTAssertEqualTests.m */; };
		025EF55419315EF3002EA558 /* CTMakeValueTests.m in Sources */ = {isa = PBXBuildFile; fileRef = 025EF55319315EF3002EA558 /* CTMakeValueTests.m */; };
		02701E53194D34E5003AE057 /* CTAssertSameTests.m in Sources */ = {isa = PBXBuildFile; fileRef = 02701E52194D34E5003AE057 /* CTAssertSameTests.m */; };
		02701E55194D43AC003AE057 /* CTAssertNotSameTests.m in Sources */ = {isa = PBXBuildFile; fileRef = 02701E54194D43AC003AE057 /* CTAssertNotSameTests.m */; };
		028DD21B1970E39600B485F7 /* CTAssertionTestBase.m in Sources */ = {isa = PBXBuildFile; fileRef = 028DD21A1970E39600B485F7 /* CTAssertionTestBase.m */; };
		028DD21E1970EBF500B485F7 /* CTBoolAssertionTestBase.m in Sources */ = {isa = PBXBuildFile; fileRef = 028DD21D1970EBF500B485F7 /* CTBoolAssertionTestBase.m */; };
		028DD2211970ED0A00B485F7 /* CTNullAssertionTestBase.m in Sources */ = {isa = PBXBuildFile; fileRef = 028DD2201970ED0A00B485F7 /* CTNullAssertionTestBase.m */; };
		028DD2241970EE6C00B485F7 /* CTEqualAssertionTestBase.m in Sources */ = {isa = PBXBuildFile; fileRef = 028DD2231970EE6C00B485F7 /* CTEqualAssertionTestBase.m */; };
		028DD2271970F19300B485F7 /* CTSameAssertionTestBase.m in Sources */ = {isa = PBXBuildFile; fileRef = 028DD2261970F19300B485F7 /* CTSameAssertionTestBase.m */; };
		028DD22A1970F23000B485F7 /* CTStringAssertionTestBase.m in Sources */ = {isa = PBXBuildFile; fileRef = 028DD2291970F23000B485F7 /* CTStringAssertionTestBase.m */; };
		028DD22D1970F2D800B485F7 /* CTAboutEqualAssertionTestBase.m in Sources */ = {isa = PBXBuildFile; fileRef = 028DD22C1970F2D800B485F7 /* CTAboutEqualAssertionTestBase.m */; };
		028F5CB4191054DF000BCA3D /* CTRunSuiteTests.m in Sources */ = {isa = PBXBuildFile; fileRef = 028F5CB3191054DF000BCA3D /* CTRunSuiteTests.m */; };
		02B3DAF7196797C300174A88 /* CTAssertNotAboutEqualTests.m in Sources */ = {isa = PBXBuildFile; fileRef = 02B3DAF6196797C300174A88 /* CTAssertNotAboutEqualTests.m */; };
		02C1D4981917245800744654 /* CTAssertFailTests.m in Sources */ = {isa = PBXBuildFile; fileRef = 02C1D4971917245800744654 /* CTAssertFailTests.m */; };
		02C1D49A1917295500744654 /* CTIgnoreTests.m in Sources */ = {isa = PBXBuildFile; fileRef = 02C1D4991917295500744654 /* CTIgnoreTests.m */; };
		02C70E43191EDA52007B2C6A /* CTAssertNullTests.m in Sources */ = {isa = PBXBuildFile; fileRef = 02C70E42191EDA52007B2C6A /* CTAssertNullTests.m */; };
		02C70E45191EDD89007B2C6A /* CTAssertNotNullTests.m in Sources */ = {isa = PBXBuildFile; fileRef = 02C70E44191EDD89007B2C6A /* CTAssertNotNullTests.m */; };
		02C7962A191DEE5C00CA82FE /* CTAssertTrueTests.m in Sources */ = {isa = PBXBuildFile; fileRef = 02C79629191DEE5B00CA82FE /* CTAssertTrueTests.m */; };
		02C7962D191DF83800CA82FE /* CTAssertFalseTests.m in Sources */ = {isa = PBXBuildFile; fileRef = 02C7962C191DF83800CA82FE /* CTAssertFalseTests.m */; };
		02EE6D5118FA3AA000E5A8D7 /* ciny.c in Sources */ = {isa = PBXBuildFile; fileRef = 02EE6D4F18FA3AA000E5A8D7 /* ciny.c */; };
		02EE6D5218FA3AA000E5A8D7 /* ciny.h in Headers */ = {isa = PBXBuildFile; fileRef = 02EE6D5018FA3AA000E5A8D7 /* ciny.h */; settings = {ATTRIBUTES = (Public, ); }; };
		02EE6D6018FA3AC700E5A8D7 /* InfoPlist.strings in Resources */ = {isa = PBXBuildFile; fileRef = 02EE6D5E18FA3AC700E5A8D7 /* InfoPlist.strings */; };
		02EE6D6B18FA416D00E5A8D7 /* libcinytest.a in Frameworks */ = {isa = PBXBuildFile; fileRef = 02EE6D4718FA39A500E5A8D7 /* libcinytest.a */; };
		02F73C9D19B564CC0026A57C /* ciny_posix.c in Sources */ = {isa = PBXBuildFile; fileRef = 02F73C9C19B564CC0026A57C /* ciny_posix.c */; };
/* End PBXBuildFile section */

/* Begin PBXContainerItemProxy section */
		02EE6D6418FA3AC700E5A8D7 /* PBXContainerItemProxy */ = {
			isa = PBXContainerItemProxy;
			containerPortal = 02EE6D3F18FA39A500E5A8D7 /* Project object */;
			proxyType = 1;
			remoteGlobalIDString = 02EE6D4618FA39A500E5A8D7;
			remoteInfo = CinyTest;
		};
/* End PBXContainerItemProxy section */

/* Begin PBXFileReference section */
		0200E1F219553708009BA407 /* CTAssertEqualStrTests.m */ = {isa = PBXFileReference; fileEncoding = 4; lastKnownFileType = sourcecode.c.objc; path = CTAssertEqualStrTests.m; sourceTree = "<group>"; };
		020A83A119592C7200A5CD81 /* CTAssertNotEqualStrTests.m */ = {isa = PBXFileReference; fileEncoding = 4; lastKnownFileType = sourcecode.c.objc; path = CTAssertNotEqualStrTests.m; sourceTree = "<group>"; };
		0237F3631904CFE70030E3EC /* CTMakeTestTests.m */ = {isa = PBXFileReference; fileEncoding = 4; lastKnownFileType = sourcecode.c.objc; path = CTMakeTestTests.m; sourceTree = "<group>"; };
		0237F3651904D0BB0030E3EC /* CTMakeSuiteTests.m */ = {isa = PBXFileReference; fileEncoding = 4; lastKnownFileType = sourcecode.c.objc; path = CTMakeSuiteTests.m; sourceTree = "<group>"; };
		023D7EFF195FA41100AA7A9C /* CTAssertAboutEqualTests.m */ = {isa = PBXFileReference; fileEncoding = 4; lastKnownFileType = sourcecode.c.objc; lineEnding = 0; path = CTAssertAboutEqualTests.m; sourceTree = "<group>"; xcLanguageSpecificationIdentifier = xcode.lang.objc; };
		0244607D194801F100D31360 /* CTAssertNotEqualTests.m */ = {isa = PBXFileReference; fileEncoding = 4; lastKnownFileType = sourcecode.c.objc; path = CTAssertNotEqualTests.m; sourceTree = "<group>"; };
		025EF551193157C8002EA558 /* CTAssertEqualTests.m */ = {isa = PBXFileReference; fileEncoding = 4; lastKnownFileType = sourcecode.c.objc; path = CTAssertEqualTests.m; sourceTree = "<group>"; };
		025EF55319315EF3002EA558 /* CTMakeValueTests.m */ = {isa = PBXFileReference; fileEncoding = 4; lastKnownFileType = sourcecode.c.objc; path = CTMakeValueTests.m; sourceTree = "<group>"; };
		02701E52194D34E5003AE057 /* CTAssertSameTests.m */ = {isa = PBXFileReference; fileEncoding = 4; lastKnownFileType = sourcecode.c.objc; path = CTAssertSameTests.m; sourceTree = "<group>"; };
		02701E54194D43AC003AE057 /* CTAssertNotSameTests.m */ = {isa = PBXFileReference; fileEncoding = 4; lastKnownFileType = sourcecode.c.objc; path = CTAssertNotSameTests.m; sourceTree = "<group>"; };
		028DD2191970E39600B485F7 /* CTAssertionTestBase.h */ = {isa = PBXFileReference; fileEncoding = 4; lastKnownFileType = sourcecode.c.h; path = CTAssertionTestBase.h; sourceTree = "<group>"; };
		028DD21A1970E39600B485F7 /* CTAssertionTestBase.m */ = {isa = PBXFileReference; fileEncoding = 4; lastKnownFileType = sourcecode.c.objc; path = CTAssertionTestBase.m; sourceTree = "<group>"; };
		028DD21C1970EBF500B485F7 /* CTBoolAssertionTestBase.h */ = {isa = PBXFileReference; fileEncoding = 4; lastKnownFileType = sourcecode.c.h; path = CTBoolAssertionTestBase.h; sourceTree = "<group>"; };
		028DD21D1970EBF500B485F7 /* CTBoolAssertionTestBase.m */ = {isa = PBXFileReference; fileEncoding = 4; lastKnownFileType = sourcecode.c.objc; path = CTBoolAssertionTestBase.m; sourceTree = "<group>"; };
		028DD21F1970ED0A00B485F7 /* CTNullAssertionTestBase.h */ = {isa = PBXFileReference; fileEncoding = 4; lastKnownFileType = sourcecode.c.h; path = CTNullAssertionTestBase.h; sourceTree = "<group>"; };
		028DD2201970ED0A00B485F7 /* CTNullAssertionTestBase.m */ = {isa = PBXFileReference; fileEncoding = 4; lastKnownFileType = sourcecode.c.objc; path = CTNullAssertionTestBase.m; sourceTree = "<group>"; };
		028DD2221970EE6C00B485F7 /* CTEqualAssertionTestBase.h */ = {isa = PBXFileReference; fileEncoding = 4; lastKnownFileType = sourcecode.c.h; path = CTEqualAssertionTestBase.h; sourceTree = "<group>"; };
		028DD2231970EE6C00B485F7 /* CTEqualAssertionTestBase.m */ = {isa = PBXFileReference; fileEncoding = 4; lastKnownFileType = sourcecode.c.objc; path = CTEqualAssertionTestBase.m; sourceTree = "<group>"; };
		028DD2251970F19300B485F7 /* CTSameAssertionTestBase.h */ = {isa = PBXFileReference; fileEncoding = 4; lastKnownFileType = sourcecode.c.h; path = CTSameAssertionTestBase.h; sourceTree = "<group>"; };
		028DD2261970F19300B485F7 /* CTSameAssertionTestBase.m */ = {isa = PBXFileReference; fileEncoding = 4; lastKnownFileType = sourcecode.c.objc; path = CTSameAssertionTestBase.m; sourceTree = "<group>"; };
		028DD2281970F23000B485F7 /* CTStringAssertionTestBase.h */ = {isa = PBXFileReference; fileEncoding = 4; lastKnownFileType = sourcecode.c.h; path = CTStringAssertionTestBase.h; sourceTree = "<group>"; };
		028DD2291970F23000B485F7 /* CTStringAssertionTestBase.m */ = {isa = PBXFileReference; fileEncoding = 4; lastKnownFileType = sourcecode.c.objc; path = CTStringAssertionTestBase.m; sourceTree = "<group>"; };
		028DD22B1970F2D800B485F7 /* CTAboutEqualAssertionTestBase.h */ = {isa = PBXFileReference; fileEncoding = 4; lastKnownFileType = sourcecode.c.h; path = CTAboutEqualAssertionTestBase.h; sourceTree = "<group>"; };
		028DD22C1970F2D800B485F7 /* CTAboutEqualAssertionTestBase.m */ = {isa = PBXFileReference; fileEncoding = 4; lastKnownFileType = sourcecode.c.objc; path = CTAboutEqualAssertionTestBase.m; sourceTree = "<group>"; };
		028F5CB3191054DF000BCA3D /* CTRunSuiteTests.m */ = {isa = PBXFileReference; fileEncoding = 4; lastKnownFileType = sourcecode.c.objc; path = CTRunSuiteTests.m; sourceTree = "<group>"; };
		02B3DAF6196797C300174A88 /* CTAssertNotAboutEqualTests.m */ = {isa = PBXFileReference; fileEncoding = 4; lastKnownFileType = sourcecode.c.objc; path = CTAssertNotAboutEqualTests.m; sourceTree = "<group>"; };
		02C1D4971917245800744654 /* CTAssertFailTests.m */ = {isa = PBXFileReference; fileEncoding = 4; lastKnownFileType = sourcecode.c.objc; path = CTAssertFailTests.m; sourceTree = "<group>"; };
		02C1D4991917295500744654 /* CTIgnoreTests.m */ = {isa = PBXFileReference; fileEncoding = 4; lastKnownFileType = sourcecode.c.objc; path = CTIgnoreTests.m; sourceTree = "<group>"; };
		02C70E42191EDA52007B2C6A /* CTAssertNullTests.m */ = {isa = PBXFileReference; fileEncoding = 4; lastKnownFileType = sourcecode.c.objc; path = CTAssertNullTests.m; sourceTree = "<group>"; };
		02C70E44191EDD89007B2C6A /* CTAssertNotNullTests.m */ = {isa = PBXFileReference; fileEncoding = 4; lastKnownFileType = sourcecode.c.objc; path = CTAssertNotNullTests.m; sourceTree = "<group>"; };
		02C79629191DEE5B00CA82FE /* CTAssertTrueTests.m */ = {isa = PBXFileReference; fileEncoding = 4; lastKnownFileType = sourcecode.c.objc; path = CTAssertTrueTests.m; sourceTree = "<group>"; };
		02C7962C191DF83800CA82FE /* CTAssertFalseTests.m */ = {isa = PBXFileReference; fileEncoding = 4; lastKnownFileType = sourcecode.c.objc; path = CTAssertFalseTests.m; sourceTree = "<group>"; };
		02EE6D4718FA39A500E5A8D7 /* libcinytest.a */ = {isa = PBXFileReference; explicitFileType = archive.ar; includeInIndex = 0; path = libcinytest.a; sourceTree = BUILT_PRODUCTS_DIR; };
		02EE6D4F18FA3AA000E5A8D7 /* ciny.c */ = {isa = PBXFileReference; fileEncoding = 4; lastKnownFileType = sourcecode.c.c; lineEnding = 0; path = ciny.c; sourceTree = "<group>"; xcLanguageSpecificationIdentifier = xcode.lang.c; };
		02EE6D5018FA3AA000E5A8D7 /* ciny.h */ = {isa = PBXFileReference; fileEncoding = 4; lastKnownFileType = sourcecode.c.h; lineEnding = 0; path = ciny.h; sourceTree = "<group>"; xcLanguageSpecificationIdentifier = xcode.lang.objcpp; };
		02EE6D5718FA3AC700E5A8D7 /* CinyTestTests.xctest */ = {isa = PBXFileReference; explicitFileType = wrapper.cfbundle; includeInIndex = 0; path = CinyTestTests.xctest; sourceTree = BUILT_PRODUCTS_DIR; };
		02EE6D5D18FA3AC700E5A8D7 /* CinyTestTests-Info.plist */ = {isa = PBXFileReference; lastKnownFileType = text.plist.xml; path = "CinyTestTests-Info.plist"; sourceTree = "<group>"; };
		02EE6D5F18FA3AC700E5A8D7 /* en */ = {isa = PBXFileReference; lastKnownFileType = text.plist.strings; name = en; path = en.lproj/InfoPlist.strings; sourceTree = "<group>"; };
		02EE6D6318FA3AC700E5A8D7 /* CinyTestTests-Prefix.pch */ = {isa = PBXFileReference; lastKnownFileType = sourcecode.c.h; path = "CinyTestTests-Prefix.pch"; sourceTree = "<group>"; };
		02F73C9C19B564CC0026A57C /* ciny_posix.c */ = {isa = PBXFileReference; fileEncoding = 4; lastKnownFileType = sourcecode.c.c; path = ciny_posix.c; sourceTree = "<group>"; };
/* End PBXFileReference section */

/* Begin PBXFrameworksBuildPhase section */
		02EE6D4418FA39A500E5A8D7 /* Frameworks */ = {
			isa = PBXFrameworksBuildPhase;
			buildActionMask = 2147483647;
			files = (
			);
			runOnlyForDeploymentPostprocessing = 0;
		};
		02EE6D5418FA3AC700E5A8D7 /* Frameworks */ = {
			isa = PBXFrameworksBuildPhase;
			buildActionMask = 2147483647;
			files = (
				02EE6D6B18FA416D00E5A8D7 /* libcinytest.a in Frameworks */,
			);
			runOnlyForDeploymentPostprocessing = 0;
		};
/* End PBXFrameworksBuildPhase section */

/* Begin PBXGroup section */
		02EE6D3E18FA39A500E5A8D7 = {
			isa = PBXGroup;
			children = (
				02EE6D4E18FA3AA000E5A8D7 /* CinyTest */,
				02EE6D5B18FA3AC700E5A8D7 /* CinyTestTests */,
				02EE6D4818FA39A500E5A8D7 /* Products */,
			);
			sourceTree = "<group>";
		};
		02EE6D4818FA39A500E5A8D7 /* Products */ = {
			isa = PBXGroup;
			children = (
				02EE6D4718FA39A500E5A8D7 /* libcinytest.a */,
				02EE6D5718FA3AC700E5A8D7 /* CinyTestTests.xctest */,
			);
			name = Products;
			sourceTree = "<group>";
		};
		02EE6D4E18FA3AA000E5A8D7 /* CinyTest */ = {
			isa = PBXGroup;
			children = (
				02EE6D5018FA3AA000E5A8D7 /* ciny.h */,
				02EE6D4F18FA3AA000E5A8D7 /* ciny.c */,
				02F73C9C19B564CC0026A57C /* ciny_posix.c */,
			);
			path = CinyTest;
			sourceTree = "<group>";
		};
		02EE6D5B18FA3AC700E5A8D7 /* CinyTestTests */ = {
			isa = PBXGroup;
			children = (
				0237F3631904CFE70030E3EC /* CTMakeTestTests.m */,
				0237F3651904D0BB0030E3EC /* CTMakeSuiteTests.m */,
				025EF55319315EF3002EA558 /* CTMakeValueTests.m */,
				028F5CB3191054DF000BCA3D /* CTRunSuiteTests.m */,
				028DD2191970E39600B485F7 /* CTAssertionTestBase.h */,
				028DD21A1970E39600B485F7 /* CTAssertionTestBase.m */,
				02C1D4991917295500744654 /* CTIgnoreTests.m */,
				02C1D4971917245800744654 /* CTAssertFailTests.m */,
				028DD21C1970EBF500B485F7 /* CTBoolAssertionTestBase.h */,
				028DD21D1970EBF500B485F7 /* CTBoolAssertionTestBase.m */,
				02C79629191DEE5B00CA82FE /* CTAssertTrueTests.m */,
				02C7962C191DF83800CA82FE /* CTAssertFalseTests.m */,
				028DD21F1970ED0A00B485F7 /* CTNullAssertionTestBase.h */,
				028DD2201970ED0A00B485F7 /* CTNullAssertionTestBase.m */,
				02C70E42191EDA52007B2C6A /* CTAssertNullTests.m */,
				02C70E44191EDD89007B2C6A /* CTAssertNotNullTests.m */,
				028DD2221970EE6C00B485F7 /* CTEqualAssertionTestBase.h */,
				028DD2231970EE6C00B485F7 /* CTEqualAssertionTestBase.m */,
				025EF551193157C8002EA558 /* CTAssertEqualTests.m */,
				0244607D194801F100D31360 /* CTAssertNotEqualTests.m */,
				028DD2251970F19300B485F7 /* CTSameAssertionTestBase.h */,
				028DD2261970F19300B485F7 /* CTSameAssertionTestBase.m */,
				02701E52194D34E5003AE057 /* CTAssertSameTests.m */,
				02701E54194D43AC003AE057 /* CTAssertNotSameTests.m */,
				028DD2281970F23000B485F7 /* CTStringAssertionTestBase.h */,
				028DD2291970F23000B485F7 /* CTStringAssertionTestBase.m */,
				0200E1F219553708009BA407 /* CTAssertEqualStrTests.m */,
				020A83A119592C7200A5CD81 /* CTAssertNotEqualStrTests.m */,
				028DD22B1970F2D800B485F7 /* CTAboutEqualAssertionTestBase.h */,
				028DD22C1970F2D800B485F7 /* CTAboutEqualAssertionTestBase.m */,
				023D7EFF195FA41100AA7A9C /* CTAssertAboutEqualTests.m */,
				02B3DAF6196797C300174A88 /* CTAssertNotAboutEqualTests.m */,
				02EE6D5C18FA3AC700E5A8D7 /* Supporting Files */,
			);
			path = CinyTestTests;
			sourceTree = "<group>";
		};
		02EE6D5C18FA3AC700E5A8D7 /* Supporting Files */ = {
			isa = PBXGroup;
			children = (
				02EE6D5D18FA3AC700E5A8D7 /* CinyTestTests-Info.plist */,
				02EE6D5E18FA3AC700E5A8D7 /* InfoPlist.strings */,
				02EE6D6318FA3AC700E5A8D7 /* CinyTestTests-Prefix.pch */,
			);
			name = "Supporting Files";
			sourceTree = "<group>";
		};
/* End PBXGroup section */

/* Begin PBXHeadersBuildPhase section */
		02EE6D4518FA39A500E5A8D7 /* Headers */ = {
			isa = PBXHeadersBuildPhase;
			buildActionMask = 2147483647;
			files = (
				02EE6D5218FA3AA000E5A8D7 /* ciny.h in Headers */,
			);
			runOnlyForDeploymentPostprocessing = 0;
		};
/* End PBXHeadersBuildPhase section */

/* Begin PBXNativeTarget section */
		02EE6D4618FA39A500E5A8D7 /* CinyTest */ = {
			isa = PBXNativeTarget;
			buildConfigurationList = 02EE6D4B18FA39A500E5A8D7 /* Build configuration list for PBXNativeTarget "CinyTest" */;
			buildPhases = (
				02EE6D4318FA39A500E5A8D7 /* Sources */,
				02EE6D4418FA39A500E5A8D7 /* Frameworks */,
				02EE6D4518FA39A500E5A8D7 /* Headers */,
			);
			buildRules = (
			);
			dependencies = (
			);
			name = CinyTest;
			productName = CinyTest;
			productReference = 02EE6D4718FA39A500E5A8D7 /* libcinytest.a */;
			productType = "com.apple.product-type.library.static";
		};
		02EE6D5618FA3AC700E5A8D7 /* CinyTestTests */ = {
			isa = PBXNativeTarget;
			buildConfigurationList = 02EE6D6618FA3AC700E5A8D7 /* Build configuration list for PBXNativeTarget "CinyTestTests" */;
			buildPhases = (
				02EE6D5318FA3AC700E5A8D7 /* Sources */,
				02EE6D5418FA3AC700E5A8D7 /* Frameworks */,
				02EE6D5518FA3AC700E5A8D7 /* Resources */,
			);
			buildRules = (
			);
			dependencies = (
				02EE6D6518FA3AC700E5A8D7 /* PBXTargetDependency */,
			);
			name = CinyTestTests;
			productName = CinyTestTests;
			productReference = 02EE6D5718FA3AC700E5A8D7 /* CinyTestTests.xctest */;
			productType = "com.apple.product-type.bundle.unit-test";
		};
/* End PBXNativeTarget section */

/* Begin PBXProject section */
		02EE6D3F18FA39A500E5A8D7 /* Project object */ = {
			isa = PBXProject;
			attributes = {
				LastUpgradeCheck = 0700;
				ORGANIZATIONNAME = "Brandon Stansbury";
				TargetAttributes = {
					02EE6D5618FA3AC700E5A8D7 = {
						TestTargetID = 02EE6D4618FA39A500E5A8D7;
					};
				};
			};
			buildConfigurationList = 02EE6D4218FA39A500E5A8D7 /* Build configuration list for PBXProject "CinyTest" */;
			compatibilityVersion = "Xcode 3.2";
			developmentRegion = English;
			hasScannedForEncodings = 0;
			knownRegions = (
				en,
			);
			mainGroup = 02EE6D3E18FA39A500E5A8D7;
			productRefGroup = 02EE6D4818FA39A500E5A8D7 /* Products */;
			projectDirPath = "";
			projectRoot = "";
			targets = (
				02EE6D4618FA39A500E5A8D7 /* CinyTest */,
				02EE6D5618FA3AC700E5A8D7 /* CinyTestTests */,
			);
		};
/* End PBXProject section */

/* Begin PBXResourcesBuildPhase section */
		02EE6D5518FA3AC700E5A8D7 /* Resources */ = {
			isa = PBXResourcesBuildPhase;
			buildActionMask = 2147483647;
			files = (
				02EE6D6018FA3AC700E5A8D7 /* InfoPlist.strings in Resources */,
			);
			runOnlyForDeploymentPostprocessing = 0;
		};
/* End PBXResourcesBuildPhase section */

/* Begin PBXSourcesBuildPhase section */
		02EE6D4318FA39A500E5A8D7 /* Sources */ = {
			isa = PBXSourcesBuildPhase;
			buildActionMask = 2147483647;
			files = (
				02F73C9D19B564CC0026A57C /* ciny_posix.c in Sources */,
				02EE6D5118FA3AA000E5A8D7 /* ciny.c in Sources */,
			);
			runOnlyForDeploymentPostprocessing = 0;
		};
		02EE6D5318FA3AC700E5A8D7 /* Sources */ = {
			isa = PBXSourcesBuildPhase;
			buildActionMask = 2147483647;
			files = (
				023D7F00195FA41100AA7A9C /* CTAssertAboutEqualTests.m in Sources */,
				02701E55194D43AC003AE057 /* CTAssertNotSameTests.m in Sources */,
				02C70E45191EDD89007B2C6A /* CTAssertNotNullTests.m in Sources */,
				028DD21B1970E39600B485F7 /* CTAssertionTestBase.m in Sources */,
				0200E1F319553708009BA407 /* CTAssertEqualStrTests.m in Sources */,
				020A83A219592C7200A5CD81 /* CTAssertNotEqualStrTests.m in Sources */,
				02C7962D191DF83800CA82FE /* CTAssertFalseTests.m in Sources */,
				02701E53194D34E5003AE057 /* CTAssertSameTests.m in Sources */,
				0237F3661904D0BB0030E3EC /* CTMakeSuiteTests.m in Sources */,
				0237F3641904CFE70030E3EC /* CTMakeTestTests.m in Sources */,
				02C1D4981917245800744654 /* CTAssertFailTests.m in Sources */,
				028DD22D1970F2D800B485F7 /* CTAboutEqualAssertionTestBase.m in Sources */,
				028DD2271970F19300B485F7 /* CTSameAssertionTestBase.m in Sources */,
				025EF552193157C8002EA558 /* CTAssertEqualTests.m in Sources */,
				028DD2211970ED0A00B485F7 /* CTNullAssertionTestBase.m in Sources */,
				028DD2241970EE6C00B485F7 /* CTEqualAssertionTestBase.m in Sources */,
				028F5CB4191054DF000BCA3D /* CTRunSuiteTests.m in Sources */,
				02C70E43191EDA52007B2C6A /* CTAssertNullTests.m in Sources */,
				028DD21E1970EBF500B485F7 /* CTBoolAssertionTestBase.m in Sources */,
				02C7962A191DEE5C00CA82FE /* CTAssertTrueTests.m in Sources */,
				02C1D49A1917295500744654 /* CTIgnoreTests.m in Sources */,
				025EF55419315EF3002EA558 /* CTMakeValueTests.m in Sources */,
				0244607E194801F100D31360 /* CTAssertNotEqualTests.m in Sources */,
				02B3DAF7196797C300174A88 /* CTAssertNotAboutEqualTests.m in Sources */,
				028DD22A1970F23000B485F7 /* CTStringAssertionTestBase.m in Sources */,
			);
			runOnlyForDeploymentPostprocessing = 0;
		};
/* End PBXSourcesBuildPhase section */

/* Begin PBXTargetDependency section */
		02EE6D6518FA3AC700E5A8D7 /* PBXTargetDependency */ = {
			isa = PBXTargetDependency;
			target = 02EE6D4618FA39A500E5A8D7 /* CinyTest */;
			targetProxy = 02EE6D6418FA3AC700E5A8D7 /* PBXContainerItemProxy */;
		};
/* End PBXTargetDependency section */

/* Begin PBXVariantGroup section */
		02EE6D5E18FA3AC700E5A8D7 /* InfoPlist.strings */ = {
			isa = PBXVariantGroup;
			children = (
				02EE6D5F18FA3AC700E5A8D7 /* en */,
			);
			name = InfoPlist.strings;
			sourceTree = "<group>";
		};
/* End PBXVariantGroup section */

/* Begin XCBuildConfiguration section */
		02EE6D4918FA39A500E5A8D7 /* Debug */ = {
			isa = XCBuildConfiguration;
			buildSettings = {
				ALWAYS_SEARCH_USER_PATHS = NO;
				CLANG_CXX_LANGUAGE_STANDARD = "c++14";
				CLANG_CXX_LIBRARY = "libc++";
				CLANG_ENABLE_MODULES = YES;
				CLANG_ENABLE_OBJC_ARC = YES;
				CLANG_WARN_BOOL_CONVERSION = YES;
				CLANG_WARN_CONSTANT_CONVERSION = YES;
				CLANG_WARN_DIRECT_OBJC_ISA_USAGE = YES_ERROR;
				CLANG_WARN_EMPTY_BODY = YES;
				CLANG_WARN_ENUM_CONVERSION = YES;
				CLANG_WARN_INT_CONVERSION = YES;
				CLANG_WARN_OBJC_ROOT_CLASS = YES_ERROR;
				CLANG_WARN_UNREACHABLE_CODE = YES;
				CLANG_WARN__DUPLICATE_METHOD_MATCH = YES;
				COPY_PHASE_STRIP = NO;
				ENABLE_TESTABILITY = YES;
				GCC_C_LANGUAGE_STANDARD = c11;
				GCC_DYNAMIC_NO_PIC = NO;
				GCC_ENABLE_OBJC_EXCEPTIONS = YES;
				GCC_OPTIMIZATION_LEVEL = 0;
				GCC_PREPROCESSOR_DEFINITIONS = (
					"DEBUG=1",
					"$(inherited)",
				);
				GCC_SYMBOLS_PRIVATE_EXTERN = NO;
				GCC_WARN_64_TO_32_BIT_CONVERSION = YES;
				GCC_WARN_ABOUT_RETURN_TYPE = YES_ERROR;
				GCC_WARN_UNDECLARED_SELECTOR = YES;
				GCC_WARN_UNINITIALIZED_AUTOS = YES;
				GCC_WARN_UNUSED_FUNCTION = YES;
				GCC_WARN_UNUSED_VARIABLE = YES;
				MACOSX_DEPLOYMENT_TARGET = 10.10;
				ONLY_ACTIVE_ARCH = YES;
				SDKROOT = macosx;
			};
			name = Debug;
		};
		02EE6D4A18FA39A500E5A8D7 /* Release */ = {
			isa = XCBuildConfiguration;
			buildSettings = {
				ALWAYS_SEARCH_USER_PATHS = NO;
				CLANG_CXX_LANGUAGE_STANDARD = "c++14";
				CLANG_CXX_LIBRARY = "libc++";
				CLANG_ENABLE_MODULES = YES;
				CLANG_ENABLE_OBJC_ARC = YES;
				CLANG_WARN_BOOL_CONVERSION = YES;
				CLANG_WARN_CONSTANT_CONVERSION = YES;
				CLANG_WARN_DIRECT_OBJC_ISA_USAGE = YES_ERROR;
				CLANG_WARN_EMPTY_BODY = YES;
				CLANG_WARN_ENUM_CONVERSION = YES;
				CLANG_WARN_INT_CONVERSION = YES;
				CLANG_WARN_OBJC_ROOT_CLASS = YES_ERROR;
				CLANG_WARN_UNREACHABLE_CODE = YES;
				CLANG_WARN__DUPLICATE_METHOD_MATCH = YES;
				COPY_PHASE_STRIP = YES;
				DEBUG_INFORMATION_FORMAT = "dwarf-with-dsym";
				ENABLE_NS_ASSERTIONS = NO;
				GCC_C_LANGUAGE_STANDARD = c11;
				GCC_ENABLE_OBJC_EXCEPTIONS = YES;
				GCC_WARN_64_TO_32_BIT_CONVERSION = YES;
				GCC_WARN_ABOUT_RETURN_TYPE = YES_ERROR;
				GCC_WARN_UNDECLARED_SELECTOR = YES;
				GCC_WARN_UNINITIALIZED_AUTOS = YES;
				GCC_WARN_UNUSED_FUNCTION = YES;
				GCC_WARN_UNUSED_VARIABLE = YES;
				MACOSX_DEPLOYMENT_TARGET = 10.10;
				SDKROOT = macosx;
			};
			name = Release;
		};
		02EE6D4C18FA39A500E5A8D7 /* Debug */ = {
			isa = XCBuildConfiguration;
			buildSettings = {
				COMBINE_HIDPI_IMAGES = YES;
				EXECUTABLE_PREFIX = lib;
				INSTALL_PATH = /lib;
				PRODUCT_NAME = "$(TARGET_NAME:lower)";
				PUBLIC_HEADERS_FOLDER_PATH = "/include/$(PRODUCT_NAME)";
			};
			name = Debug;
		};
		02EE6D4D18FA39A500E5A8D7 /* Release */ = {
			isa = XCBuildConfiguration;
			buildSettings = {
				COMBINE_HIDPI_IMAGES = YES;
				EXECUTABLE_PREFIX = lib;
				INSTALL_PATH = /lib;
				PRODUCT_NAME = "$(TARGET_NAME:lower)";
				PUBLIC_HEADERS_FOLDER_PATH = "/include/$(PRODUCT_NAME)";
			};
			name = Release;
		};
		02EE6D6718FA3AC700E5A8D7 /* Debug */ = {
			isa = XCBuildConfiguration;
			buildSettings = {
				COMBINE_HIDPI_IMAGES = YES;
				FRAMEWORK_SEARCH_PATHS = (
					"$(DEVELOPER_FRAMEWORKS_DIR)",
					"$(inherited)",
				);
				GCC_PRECOMPILE_PREFIX_HEADER = YES;
				GCC_PREFIX_HEADER = "CinyTestTests/CinyTestTests-Prefix.pch";
				INFOPLIST_FILE = "CinyTestTests/CinyTestTests-Info.plist";
				PRODUCT_BUNDLE_IDENTIFIER = "com.drmonkeysee.${PRODUCT_NAME:rfc1034identifier}";
				PRODUCT_NAME = "$(TARGET_NAME)";
				WRAPPER_EXTENSION = xctest;
			};
			name = Debug;
		};
		02EE6D6818FA3AC700E5A8D7 /* Release */ = {
			isa = XCBuildConfiguration;
			buildSettings = {
				COMBINE_HIDPI_IMAGES = YES;
				FRAMEWORK_SEARCH_PATHS = (
					"$(DEVELOPER_FRAMEWORKS_DIR)",
					"$(inherited)",
				);
				GCC_PRECOMPILE_PREFIX_HEADER = YES;
				GCC_PREFIX_HEADER = "CinyTestTests/CinyTestTests-Prefix.pch";
				INFOPLIST_FILE = "CinyTestTests/CinyTestTests-Info.plist";
				PRODUCT_BUNDLE_IDENTIFIER = "com.drmonkeysee.${PRODUCT_NAME:rfc1034identifier}";
				PRODUCT_NAME = "$(TARGET_NAME)";
				WRAPPER_EXTENSION = xctest;
			};
			name = Release;
		};
/* End XCBuildConfiguration section */

/* Begin XCConfigurationList section */
		02EE6D4218FA39A500E5A8D7 /* Build configuration list for PBXProject "CinyTest" */ = {
			isa = XCConfigurationList;
			buildConfigurations = (
				02EE6D4918FA39A500E5A8D7 /* Debug */,
				02EE6D4A18FA39A500E5A8D7 /* Release */,
			);
			defaultConfigurationIsVisible = 0;
			defaultConfigurationName = Release;
		};
		02EE6D4B18FA39A500E5A8D7 /* Build configuration list for PBXNativeTarget "CinyTest" */ = {
			isa = XCConfigurationList;
			buildConfigurations = (
				02EE6D4C18FA39A500E5A8D7 /* Debug */,
				02EE6D4D18FA39A500E5A8D7 /* Release */,
			);
			defaultConfigurationIsVisible = 0;
			defaultConfigurationName = Release;
		};
		02EE6D6618FA3AC700E5A8D7 /* Build configuration list for PBXNativeTarget "CinyTestTests" */ = {
			isa = XCConfigurationList;
			buildConfigurations = (
				02EE6D6718FA3AC700E5A8D7 /* Debug */,
				02EE6D6818FA3AC700E5A8D7 /* Release */,
			);
			defaultConfigurationIsVisible = 0;
			defaultConfigurationName = Release;
		};
/* End XCConfigurationList section */
	};
	rootObject = 02EE6D3F18FA39A500E5A8D7 /* Project object */;
}
